{
  "pins" : [
    {
      "identity" : "alamofire",
      "kind" : "remoteSourceControl",
      "location" : "https://github.com/Alamofire/Alamofire.git",
      "state" : {
        "revision" : "78424be314842833c04bc3bef5b72e85fff99204",
        "version" : "5.6.4"
      }
    },
    {
      "identity" : "alamofireimage",
      "kind" : "remoteSourceControl",
      "location" : "https://github.com/Alamofire/AlamofireImage.git",
      "state" : {
        "revision" : "98cbb00ce0ec5fc8e52a5b50a6bfc08d3e5aee10",
        "version" : "4.2.0"
      }
    },
    {
      "identity" : "parallaxview",
      "kind" : "remoteSourceControl",
      "location" : "https://github.com/PGSSoft/ParallaxView",
      "state" : {
        "revision" : "a4165b0edd9c9c923a1d6e3e4c9a807302a1a475",
        "version" : "3.1.2"
      }
    },
    {
      "identity" : "swiftdate",
      "kind" : "remoteSourceControl",
      "location" : "https://github.com/malcommac/SwiftDate.git",
      "state" : {
        "revision" : "5d943224c3bb173e6ecf27295611615eba90c80e",
        "version" : "7.0.0"
      }
    }
  ],
  "version" : 2
}
