// !$*UTF8*$!
{
	archiveVersion = 1;
	classes = {
	};
	objectVersion = 56;
	objects = {

/* Begin PBXBuildFile section */
		5E507BF929CFAD65006751F3 /* AppDelegate.swift in Sources */ = {isa = PBXBuildFile; fileRef = 5E507BF829CFAD65006751F3 /* AppDelegate.swift */; };
		5E507BFB29CFAD65006751F3 /* BrowseViewController.swift in Sources */ = {isa = PBXBuildFile; fileRef = 5E507BFA29CFAD65006751F3 /* BrowseViewController.swift */; };
		5E507BFE29CFAD65006751F3 /* Main.storyboard in Resources */ = {isa = PBXBuildFile; fileRef = 5E507BFC29CFAD65006751F3 /* Main.storyboard */; };
		5E507C0129CFAD65006751F3 /* FloatplaneApp.xcdatamodeld in Sources */ = {isa = PBXBuildFile; fileRef = 5E507BFF29CFAD65006751F3 /* FloatplaneApp.xcdatamodeld */; };
		5E507C0329CFAD66006751F3 /* Assets.xcassets in Resources */ = {isa = PBXBuildFile; fileRef = 5E507C0229CFAD66006751F3 /* Assets.xcassets */; };
		5E507C0629CFAD66006751F3 /* LaunchScreen.storyboard in Resources */ = {isa = PBXBuildFile; fileRef = 5E507C0429CFAD66006751F3 /* LaunchScreen.storyboard */; };
		5E507C1129CFAD66006751F3 /* FloatplaneAppTests.swift in Sources */ = {isa = PBXBuildFile; fileRef = 5E507C1029CFAD66006751F3 /* FloatplaneAppTests.swift */; };
		5E507C1B29CFAD66006751F3 /* FloatplaneAppUITests.swift in Sources */ = {isa = PBXBuildFile; fileRef = 5E507C1A29CFAD66006751F3 /* FloatplaneAppUITests.swift */; };
		5E507C1D29CFAD66006751F3 /* FloatplaneAppUITestsLaunchTests.swift in Sources */ = {isa = PBXBuildFile; fileRef = 5E507C1C29CFAD66006751F3 /* FloatplaneAppUITestsLaunchTests.swift */; };
		5E507C2929CFB0E9006751F3 /* ContentFeedOperation.swift in Sources */ = {isa = PBXBuildFile; fileRef = 5E0C3D0829CF774000C71A19 /* ContentFeedOperation.swift */; };
		5E507C2A29CFB0EB006751F3 /* CreatorFeedDecoder.swift in Sources */ = {isa = PBXBuildFile; fileRef = 5E507BEE29CF89E0006751F3 /* CreatorFeedDecoder.swift */; };
		5E507C2B29CFB0ED006751F3 /* CreatorFeed.swift in Sources */ = {isa = PBXBuildFile; fileRef = 5E507BEB29CF7A87006751F3 /* CreatorFeed.swift */; };
		5E507C2E29CFB0FE006751F3 /* Alamofire in Frameworks */ = {isa = PBXBuildFile; productRef = 5E507C2D29CFB0FE006751F3 /* Alamofire */; };
		5E507C3029CFB293006751F3 /* DeliveryKeyOperation.swift in Sources */ = {isa = PBXBuildFile; fileRef = 5E507C2F29CFB293006751F3 /* DeliveryKeyOperation.swift */; };
		5E507C3229CFB4C4006751F3 /* DeliveryKey.swift in Sources */ = {isa = PBXBuildFile; fileRef = 5E507C3129CFB4C4006751F3 /* DeliveryKey.swift */; };
		5EAAE74C29CFC20900F9A83B /* UserConfiguration.swift in Sources */ = {isa = PBXBuildFile; fileRef = 5EAAE74B29CFC20900F9A83B /* UserConfiguration.swift */; };
		5EAAE74E29CFC7A000F9A83B /* UserConfiguration.swift.bak in Resources */ = {isa = PBXBuildFile; fileRef = 5EAAE74D29CFC7A000F9A83B /* UserConfiguration.swift.bak */; };
		5EAAE75229CFC9C100F9A83B /* APIOperation.swift in Sources */ = {isa = PBXBuildFile; fileRef = 5EAAE75129CFC9C100F9A83B /* APIOperation.swift */; };
		5EAAE75529CFD06C00F9A83B /* ContentFeedRequest.swift in Sources */ = {isa = PBXBuildFile; fileRef = 5EAAE75429CFD06C00F9A83B /* ContentFeedRequest.swift */; };
		5EAAE75729CFD0A700F9A83B /* CookieManager.swift in Sources */ = {isa = PBXBuildFile; fileRef = 5EAAE75629CFD0A700F9A83B /* CookieManager.swift */; };
		5EAAE75929CFD0D300F9A83B /* OperationConstants.swift in Sources */ = {isa = PBXBuildFile; fileRef = 5EAAE75829CFD0D300F9A83B /* OperationConstants.swift */; };
		5EAAE75C29CFD12A00F9A83B /* DeliveryKeyRequest.swift in Sources */ = {isa = PBXBuildFile; fileRef = 5EAAE75B29CFD12A00F9A83B /* DeliveryKeyRequest.swift */; };
		5EAAE75F29CFD86F00F9A83B /* FeedItemCollectionViewCell.swift in Sources */ = {isa = PBXBuildFile; fileRef = 5EAAE75E29CFD86F00F9A83B /* FeedItemCollectionViewCell.swift */; };
		5EAAE76229D03A9A00F9A83B /* ParallaxView in Frameworks */ = {isa = PBXBuildFile; productRef = 5EAAE76129D03A9A00F9A83B /* ParallaxView */; };
		5EAAE76429D0B0C000F9A83B /* PostType.swift in Sources */ = {isa = PBXBuildFile; fileRef = 5EAAE76329D0B0C000F9A83B /* PostType.swift */; };
		5EAAE76829D0B34D00F9A83B /* AlamofireImage in Frameworks */ = {isa = PBXBuildFile; productRef = 5EAAE76729D0B34D00F9A83B /* AlamofireImage */; };
		5EAAE76B29D0B56B00F9A83B /* SwiftDate in Frameworks */ = {isa = PBXBuildFile; productRef = 5EAAE76A29D0B56B00F9A83B /* SwiftDate */; };
		5EAAE76E29D0BF2D00F9A83B /* FPTabBarController.swift in Sources */ = {isa = PBXBuildFile; fileRef = 5EAAE76D29D0BF2D00F9A83B /* FPTabBarController.swift */; };
		5EAAE77029D0C2B700F9A83B /* BrowseReusableHeaderView.swift in Sources */ = {isa = PBXBuildFile; fileRef = 5EAAE76F29D0C2B700F9A83B /* BrowseReusableHeaderView.swift */; };
		5EAAE77329D0D17700F9A83B /* StreamUrl.swift in Sources */ = {isa = PBXBuildFile; fileRef = 5EAAE77229D0D17700F9A83B /* StreamUrl.swift */; };
		5EAAE77529D0D29C00F9A83B /* QualityLevelName.swift in Sources */ = {isa = PBXBuildFile; fileRef = 5EAAE77429D0D29C00F9A83B /* QualityLevelName.swift */; };
		5EAAE77829D0D3D200F9A83B /* UserSettings.swift in Sources */ = {isa = PBXBuildFile; fileRef = 5EAAE77729D0D3D200F9A83B /* UserSettings.swift */; };
		5EAAE77B29D12B6300F9A83B /* Cache in Frameworks */ = {isa = PBXBuildFile; productRef = 5EAAE77A29D12B6300F9A83B /* Cache */; };
		5EAAE77D29D12B8200F9A83B /* CacheableAPIOperation.swift in Sources */ = {isa = PBXBuildFile; fileRef = 5EAAE77C29D12B8200F9A83B /* CacheableAPIOperation.swift */; };
		5EAAE78029D131FD00F9A83B /* Logging in Frameworks */ = {isa = PBXBuildFile; productRef = 5EAAE77F29D131FD00F9A83B /* Logging */; };
		5EAAE78329D1329200F9A83B /* Log4S.swift in Sources */ = {isa = PBXBuildFile; fileRef = 5EAAE78229D1329200F9A83B /* Log4S.swift */; };
/* End PBXBuildFile section */

/* Begin PBXContainerItemProxy section */
		5E507C0D29CFAD66006751F3 /* PBXContainerItemProxy */ = {
			isa = PBXContainerItemProxy;
			containerPortal = 5E0C3CCA29CF766700C71A19 /* Project object */;
			proxyType = 1;
			remoteGlobalIDString = 5E507BF529CFAD65006751F3;
			remoteInfo = FloatplaneApp;
		};
		5E507C1729CFAD66006751F3 /* PBXContainerItemProxy */ = {
			isa = PBXContainerItemProxy;
			containerPortal = 5E0C3CCA29CF766700C71A19 /* Project object */;
			proxyType = 1;
			remoteGlobalIDString = 5E507BF529CFAD65006751F3;
			remoteInfo = FloatplaneApp;
		};
/* End PBXContainerItemProxy section */

/* Begin PBXFileReference section */
		5E0C3D0829CF774000C71A19 /* ContentFeedOperation.swift */ = {isa = PBXFileReference; lastKnownFileType = sourcecode.swift; path = ContentFeedOperation.swift; sourceTree = "<group>"; };
		5E507BEB29CF7A87006751F3 /* CreatorFeed.swift */ = {isa = PBXFileReference; lastKnownFileType = sourcecode.swift; path = CreatorFeed.swift; sourceTree = "<group>"; };
		5E507BEE29CF89E0006751F3 /* CreatorFeedDecoder.swift */ = {isa = PBXFileReference; lastKnownFileType = sourcecode.swift; path = CreatorFeedDecoder.swift; sourceTree = "<group>"; };
		5E507BF629CFAD65006751F3 /* FloatplaneApp.app */ = {isa = PBXFileReference; explicitFileType = wrapper.application; includeInIndex = 0; path = FloatplaneApp.app; sourceTree = BUILT_PRODUCTS_DIR; };
		5E507BF829CFAD65006751F3 /* AppDelegate.swift */ = {isa = PBXFileReference; lastKnownFileType = sourcecode.swift; path = AppDelegate.swift; sourceTree = "<group>"; };
		5E507BFA29CFAD65006751F3 /* BrowseViewController.swift */ = {isa = PBXFileReference; lastKnownFileType = sourcecode.swift; path = BrowseViewController.swift; sourceTree = "<group>"; };
		5E507BFD29CFAD65006751F3 /* Base */ = {isa = PBXFileReference; lastKnownFileType = file.storyboard; name = Base; path = Base.lproj/Main.storyboard; sourceTree = "<group>"; };
		5E507C0029CFAD65006751F3 /* FloatplaneApp.xcdatamodel */ = {isa = PBXFileReference; lastKnownFileType = wrapper.xcdatamodel; path = FloatplaneApp.xcdatamodel; sourceTree = "<group>"; };
		5E507C0229CFAD66006751F3 /* Assets.xcassets */ = {isa = PBXFileReference; lastKnownFileType = folder.assetcatalog; path = Assets.xcassets; sourceTree = "<group>"; };
		5E507C0529CFAD66006751F3 /* Base */ = {isa = PBXFileReference; lastKnownFileType = file.storyboard; name = Base; path = Base.lproj/LaunchScreen.storyboard; sourceTree = "<group>"; };
		5E507C0729CFAD66006751F3 /* Info.plist */ = {isa = PBXFileReference; lastKnownFileType = text.plist.xml; path = Info.plist; sourceTree = "<group>"; };
		5E507C0C29CFAD66006751F3 /* FloatplaneAppTests.xctest */ = {isa = PBXFileReference; explicitFileType = wrapper.cfbundle; includeInIndex = 0; path = FloatplaneAppTests.xctest; sourceTree = BUILT_PRODUCTS_DIR; };
		5E507C1029CFAD66006751F3 /* FloatplaneAppTests.swift */ = {isa = PBXFileReference; lastKnownFileType = sourcecode.swift; path = FloatplaneAppTests.swift; sourceTree = "<group>"; };
		5E507C1629CFAD66006751F3 /* FloatplaneAppUITests.xctest */ = {isa = PBXFileReference; explicitFileType = wrapper.cfbundle; includeInIndex = 0; path = FloatplaneAppUITests.xctest; sourceTree = BUILT_PRODUCTS_DIR; };
		5E507C1A29CFAD66006751F3 /* FloatplaneAppUITests.swift */ = {isa = PBXFileReference; lastKnownFileType = sourcecode.swift; path = FloatplaneAppUITests.swift; sourceTree = "<group>"; };
		5E507C1C29CFAD66006751F3 /* FloatplaneAppUITestsLaunchTests.swift */ = {isa = PBXFileReference; lastKnownFileType = sourcecode.swift; path = FloatplaneAppUITestsLaunchTests.swift; sourceTree = "<group>"; };
		5E507C2F29CFB293006751F3 /* DeliveryKeyOperation.swift */ = {isa = PBXFileReference; lastKnownFileType = sourcecode.swift; path = DeliveryKeyOperation.swift; sourceTree = "<group>"; };
		5E507C3129CFB4C4006751F3 /* DeliveryKey.swift */ = {isa = PBXFileReference; lastKnownFileType = sourcecode.swift; path = DeliveryKey.swift; sourceTree = "<group>"; };
		5EAAE74B29CFC20900F9A83B /* UserConfiguration.swift */ = {isa = PBXFileReference; lastKnownFileType = sourcecode.swift; path = UserConfiguration.swift; sourceTree = "<group>"; };
		5EAAE74D29CFC7A000F9A83B /* UserConfiguration.swift.bak */ = {isa = PBXFileReference; lastKnownFileType = text; path = UserConfiguration.swift.bak; sourceTree = "<group>"; };
		5EAAE75129CFC9C100F9A83B /* APIOperation.swift */ = {isa = PBXFileReference; lastKnownFileType = sourcecode.swift; path = APIOperation.swift; sourceTree = "<group>"; };
		5EAAE75429CFD06C00F9A83B /* ContentFeedRequest.swift */ = {isa = PBXFileReference; lastKnownFileType = sourcecode.swift; path = ContentFeedRequest.swift; sourceTree = "<group>"; };
		5EAAE75629CFD0A700F9A83B /* CookieManager.swift */ = {isa = PBXFileReference; lastKnownFileType = sourcecode.swift; path = CookieManager.swift; sourceTree = "<group>"; };
		5EAAE75829CFD0D300F9A83B /* OperationConstants.swift */ = {isa = PBXFileReference; lastKnownFileType = sourcecode.swift; path = OperationConstants.swift; sourceTree = "<group>"; };
		5EAAE75B29CFD12A00F9A83B /* DeliveryKeyRequest.swift */ = {isa = PBXFileReference; lastKnownFileType = sourcecode.swift; path = DeliveryKeyRequest.swift; sourceTree = "<group>"; };
		5EAAE75E29CFD86F00F9A83B /* FeedItemCollectionViewCell.swift */ = {isa = PBXFileReference; lastKnownFileType = sourcecode.swift; path = FeedItemCollectionViewCell.swift; sourceTree = "<group>"; };
		5EAAE76329D0B0C000F9A83B /* PostType.swift */ = {isa = PBXFileReference; lastKnownFileType = sourcecode.swift; path = PostType.swift; sourceTree = "<group>"; };
		5EAAE76D29D0BF2D00F9A83B /* FPTabBarController.swift */ = {isa = PBXFileReference; lastKnownFileType = sourcecode.swift; path = FPTabBarController.swift; sourceTree = "<group>"; };
		5EAAE76F29D0C2B700F9A83B /* BrowseReusableHeaderView.swift */ = {isa = PBXFileReference; lastKnownFileType = sourcecode.swift; path = BrowseReusableHeaderView.swift; sourceTree = "<group>"; };
		5EAAE77229D0D17700F9A83B /* StreamUrl.swift */ = {isa = PBXFileReference; lastKnownFileType = sourcecode.swift; path = StreamUrl.swift; sourceTree = "<group>"; };
		5EAAE77429D0D29C00F9A83B /* QualityLevelName.swift */ = {isa = PBXFileReference; lastKnownFileType = sourcecode.swift; path = QualityLevelName.swift; sourceTree = "<group>"; };
		5EAAE77729D0D3D200F9A83B /* UserSettings.swift */ = {isa = PBXFileReference; lastKnownFileType = sourcecode.swift; path = UserSettings.swift; sourceTree = "<group>"; };
		5EAAE77C29D12B8200F9A83B /* CacheableAPIOperation.swift */ = {isa = PBXFileReference; lastKnownFileType = sourcecode.swift; path = CacheableAPIOperation.swift; sourceTree = "<group>"; };
		5EAAE78229D1329200F9A83B /* Log4S.swift */ = {isa = PBXFileReference; lastKnownFileType = sourcecode.swift; path = Log4S.swift; sourceTree = "<group>"; };
/* End PBXFileReference section */

/* Begin PBXFrameworksBuildPhase section */
		5E507BF329CFAD65006751F3 /* Frameworks */ = {
			isa = PBXFrameworksBuildPhase;
			buildActionMask = 2147483647;
			files = (
				5EAAE78029D131FD00F9A83B /* Logging in Frameworks */,
				5EAAE76B29D0B56B00F9A83B /* SwiftDate in Frameworks */,
				5EAAE76229D03A9A00F9A83B /* ParallaxView in Frameworks */,
				5E507C2E29CFB0FE006751F3 /* Alamofire in Frameworks */,
				5EAAE76829D0B34D00F9A83B /* AlamofireImage in Frameworks */,
				5EAAE77B29D12B6300F9A83B /* Cache in Frameworks */,
			);
			runOnlyForDeploymentPostprocessing = 0;
		};
		5E507C0929CFAD66006751F3 /* Frameworks */ = {
			isa = PBXFrameworksBuildPhase;
			buildActionMask = 2147483647;
			files = (
			);
			runOnlyForDeploymentPostprocessing = 0;
		};
		5E507C1329CFAD66006751F3 /* Frameworks */ = {
			isa = PBXFrameworksBuildPhase;
			buildActionMask = 2147483647;
			files = (
			);
			runOnlyForDeploymentPostprocessing = 0;
		};
/* End PBXFrameworksBuildPhase section */

/* Begin PBXGroup section */
		5E0C3CC929CF766700C71A19 = {
			isa = PBXGroup;
			children = (
				5E507BF729CFAD65006751F3 /* FloatplaneApp */,
				5E507C0F29CFAD66006751F3 /* FloatplaneAppTests */,
				5E507C1929CFAD66006751F3 /* FloatplaneAppUITests */,
				5E0C3CD329CF766700C71A19 /* Products */,
				5E507C2C29CFB0FE006751F3 /* Frameworks */,
			);
			sourceTree = "<group>";
		};
		5E0C3CD329CF766700C71A19 /* Products */ = {
			isa = PBXGroup;
			children = (
				5E507BF629CFAD65006751F3 /* FloatplaneApp.app */,
				5E507C0C29CFAD66006751F3 /* FloatplaneAppTests.xctest */,
				5E507C1629CFAD66006751F3 /* FloatplaneAppUITests.xctest */,
			);
			name = Products;
			sourceTree = "<group>";
		};
		5E0C3D0A29CF792500C71A19 /* Model */ = {
			isa = PBXGroup;
			children = (
				5EAAE77129D0D16D00F9A83B /* Stream */,
				5EAAE75A29CFD11C00F9A83B /* Delivery Key */,
				5EAAE75329CFD05700F9A83B /* Content Feed */,
			);
			path = Model;
			sourceTree = "<group>";
		};
		5E507BEA29CF79C3006751F3 /* Networking */ = {
			isa = PBXGroup;
			children = (
				5EAAE75029CFC9B400F9A83B /* Operations */,
				5EAAE74F29CFC9AA00F9A83B /* Decoders */,
				5EAAE75629CFD0A700F9A83B /* CookieManager.swift */,
				5EAAE75829CFD0D300F9A83B /* OperationConstants.swift */,
			);
			path = Networking;
			sourceTree = "<group>";
		};
		5E507BF729CFAD65006751F3 /* FloatplaneApp */ = {
			isa = PBXGroup;
			children = (
				5EAAE78129D1327400F9A83B /* Logging */,
				5EAAE77629D0D3C900F9A83B /* Settings */,
				5E507BEA29CF79C3006751F3 /* Networking */,
				5E0C3D0A29CF792500C71A19 /* Model */,
				5E507C2729CFADAB006751F3 /* View */,
				5E507C2829CFADB5006751F3 /* Config */,
			);
			path = FloatplaneApp;
			sourceTree = "<group>";
		};
		5E507C0F29CFAD66006751F3 /* FloatplaneAppTests */ = {
			isa = PBXGroup;
			children = (
				5E507C1029CFAD66006751F3 /* FloatplaneAppTests.swift */,
			);
			path = FloatplaneAppTests;
			sourceTree = "<group>";
		};
		5E507C1929CFAD66006751F3 /* FloatplaneAppUITests */ = {
			isa = PBXGroup;
			children = (
				5E507C1A29CFAD66006751F3 /* FloatplaneAppUITests.swift */,
				5E507C1C29CFAD66006751F3 /* FloatplaneAppUITestsLaunchTests.swift */,
			);
			path = FloatplaneAppUITests;
			sourceTree = "<group>";
		};
		5E507C2729CFADAB006751F3 /* View */ = {
			isa = PBXGroup;
			children = (
				5E507BFC29CFAD65006751F3 /* Main.storyboard */,
				5EAAE76C29D0BF1E00F9A83B /* TabBar */,
				5EAAE75D29CFD86400F9A83B /* Browse */,
				5E507C0229CFAD66006751F3 /* Assets.xcassets */,
				5E507C0429CFAD66006751F3 /* LaunchScreen.storyboard */,
			);
			path = View;
			sourceTree = "<group>";
		};
		5E507C2829CFADB5006751F3 /* Config */ = {
			isa = PBXGroup;
			children = (
				5E507BF829CFAD65006751F3 /* AppDelegate.swift */,
				5E507C0729CFAD66006751F3 /* Info.plist */,
				5E507BFF29CFAD65006751F3 /* FloatplaneApp.xcdatamodeld */,
				5EAAE74B29CFC20900F9A83B /* UserConfiguration.swift */,
				5EAAE74D29CFC7A000F9A83B /* UserConfiguration.swift.bak */,
			);
			path = Config;
			sourceTree = "<group>";
		};
		5E507C2C29CFB0FE006751F3 /* Frameworks */ = {
			isa = PBXGroup;
			children = (
			);
			name = Frameworks;
			sourceTree = "<group>";
		};
		5EAAE74F29CFC9AA00F9A83B /* Decoders */ = {
			isa = PBXGroup;
			children = (
				5E507BEE29CF89E0006751F3 /* CreatorFeedDecoder.swift */,
			);
			path = Decoders;
			sourceTree = "<group>";
		};
		5EAAE75029CFC9B400F9A83B /* Operations */ = {
			isa = PBXGroup;
			children = (
				5E0C3D0829CF774000C71A19 /* ContentFeedOperation.swift */,
				5E507C2F29CFB293006751F3 /* DeliveryKeyOperation.swift */,
				5EAAE75129CFC9C100F9A83B /* APIOperation.swift */,
				5EAAE77C29D12B8200F9A83B /* CacheableAPIOperation.swift */,
			);
			path = Operations;
			sourceTree = "<group>";
		};
		5EAAE75329CFD05700F9A83B /* Content Feed */ = {
			isa = PBXGroup;
			children = (
				5E507BEB29CF7A87006751F3 /* CreatorFeed.swift */,
				5EAAE75429CFD06C00F9A83B /* ContentFeedRequest.swift */,
				5EAAE76329D0B0C000F9A83B /* PostType.swift */,
			);
			path = "Content Feed";
			sourceTree = "<group>";
		};
		5EAAE75A29CFD11C00F9A83B /* Delivery Key */ = {
			isa = PBXGroup;
			children = (
				5E507C3129CFB4C4006751F3 /* DeliveryKey.swift */,
				5EAAE75B29CFD12A00F9A83B /* DeliveryKeyRequest.swift */,
			);
			path = "Delivery Key";
			sourceTree = "<group>";
		};
		5EAAE75D29CFD86400F9A83B /* Browse */ = {
			isa = PBXGroup;
			children = (
				5E507BFA29CFAD65006751F3 /* BrowseViewController.swift */,
				5EAAE75E29CFD86F00F9A83B /* FeedItemCollectionViewCell.swift */,
				5EAAE76F29D0C2B700F9A83B /* BrowseReusableHeaderView.swift */,
			);
			path = Browse;
			sourceTree = "<group>";
		};
		5EAAE76C29D0BF1E00F9A83B /* TabBar */ = {
			isa = PBXGroup;
			children = (
				5EAAE76D29D0BF2D00F9A83B /* FPTabBarController.swift */,
			);
			path = TabBar;
			sourceTree = "<group>";
		};
		5EAAE77129D0D16D00F9A83B /* Stream */ = {
			isa = PBXGroup;
			children = (
				5EAAE77229D0D17700F9A83B /* StreamUrl.swift */,
				5EAAE77429D0D29C00F9A83B /* QualityLevelName.swift */,
			);
			path = Stream;
			sourceTree = "<group>";
		};
		5EAAE77629D0D3C900F9A83B /* Settings */ = {
			isa = PBXGroup;
			children = (
				5EAAE77729D0D3D200F9A83B /* UserSettings.swift */,
			);
			path = Settings;
			sourceTree = "<group>";
		};
		5EAAE78129D1327400F9A83B /* Logging */ = {
			isa = PBXGroup;
			children = (
				5EAAE78229D1329200F9A83B /* Log4S.swift */,
			);
			path = Logging;
			sourceTree = "<group>";
		};
/* End PBXGroup section */

/* Begin PBXNativeTarget section */
		5E507BF529CFAD65006751F3 /* FloatplaneApp */ = {
			isa = PBXNativeTarget;
			buildConfigurationList = 5E507C1E29CFAD66006751F3 /* Build configuration list for PBXNativeTarget "FloatplaneApp" */;
			buildPhases = (
				5E507BF229CFAD65006751F3 /* Sources */,
				5E507BF329CFAD65006751F3 /* Frameworks */,
				5E507BF429CFAD65006751F3 /* Resources */,
			);
			buildRules = (
			);
			dependencies = (
			);
			name = FloatplaneApp;
			packageProductDependencies = (
				5E507C2D29CFB0FE006751F3 /* Alamofire */,
				5EAAE76129D03A9A00F9A83B /* ParallaxView */,
				5EAAE76729D0B34D00F9A83B /* AlamofireImage */,
				5EAAE76A29D0B56B00F9A83B /* SwiftDate */,
				5EAAE77A29D12B6300F9A83B /* Cache */,
				5EAAE77F29D131FD00F9A83B /* Logging */,
			);
			productName = FloatplaneApp;
			productReference = 5E507BF629CFAD65006751F3 /* FloatplaneApp.app */;
			productType = "com.apple.product-type.application";
		};
		5E507C0B29CFAD66006751F3 /* FloatplaneAppTests */ = {
			isa = PBXNativeTarget;
			buildConfigurationList = 5E507C2129CFAD66006751F3 /* Build configuration list for PBXNativeTarget "FloatplaneAppTests" */;
			buildPhases = (
				5E507C0829CFAD66006751F3 /* Sources */,
				5E507C0929CFAD66006751F3 /* Frameworks */,
				5E507C0A29CFAD66006751F3 /* Resources */,
			);
			buildRules = (
			);
			dependencies = (
				5E507C0E29CFAD66006751F3 /* PBXTargetDependency */,
			);
			name = FloatplaneAppTests;
			productName = FloatplaneAppTests;
			productReference = 5E507C0C29CFAD66006751F3 /* FloatplaneAppTests.xctest */;
			productType = "com.apple.product-type.bundle.unit-test";
		};
		5E507C1529CFAD66006751F3 /* FloatplaneAppUITests */ = {
			isa = PBXNativeTarget;
			buildConfigurationList = 5E507C2429CFAD66006751F3 /* Build configuration list for PBXNativeTarget "FloatplaneAppUITests" */;
			buildPhases = (
				5E507C1229CFAD66006751F3 /* Sources */,
				5E507C1329CFAD66006751F3 /* Frameworks */,
				5E507C1429CFAD66006751F3 /* Resources */,
			);
			buildRules = (
			);
			dependencies = (
				5E507C1829CFAD66006751F3 /* PBXTargetDependency */,
			);
			name = FloatplaneAppUITests;
			productName = FloatplaneAppUITests;
			productReference = 5E507C1629CFAD66006751F3 /* FloatplaneAppUITests.xctest */;
			productType = "com.apple.product-type.bundle.ui-testing";
		};
/* End PBXNativeTarget section */

/* Begin PBXProject section */
		5E0C3CCA29CF766700C71A19 /* Project object */ = {
			isa = PBXProject;
			attributes = {
				BuildIndependentTargetsInParallel = 1;
				LastSwiftUpdateCheck = 1420;
				LastUpgradeCheck = 1420;
				TargetAttributes = {
					5E507BF529CFAD65006751F3 = {
						CreatedOnToolsVersion = 14.2;
					};
					5E507C0B29CFAD66006751F3 = {
						CreatedOnToolsVersion = 14.2;
						TestTargetID = 5E507BF529CFAD65006751F3;
					};
					5E507C1529CFAD66006751F3 = {
						CreatedOnToolsVersion = 14.2;
						TestTargetID = 5E507BF529CFAD65006751F3;
					};
				};
			};
			buildConfigurationList = 5E0C3CCD29CF766700C71A19 /* Build configuration list for PBXProject "Floatplane App" */;
			compatibilityVersion = "Xcode 14.0";
			developmentRegion = en;
			hasScannedForEncodings = 0;
			knownRegions = (
				en,
				Base,
			);
			mainGroup = 5E0C3CC929CF766700C71A19;
			packageReferences = (
				5E0C3D0529CF772600C71A19 /* XCRemoteSwiftPackageReference "Alamofire" */,
				5EAAE76029D03A9A00F9A83B /* XCRemoteSwiftPackageReference "ParallaxView" */,
				5EAAE76629D0B34D00F9A83B /* XCRemoteSwiftPackageReference "AlamofireImage" */,
				5EAAE76929D0B56B00F9A83B /* XCRemoteSwiftPackageReference "SwiftDate" */,
				5EAAE77929D12B6300F9A83B /* XCRemoteSwiftPackageReference "Cache" */,
				5EAAE77E29D131FD00F9A83B /* XCRemoteSwiftPackageReference "swift-log" */,
			);
			productRefGroup = 5E0C3CD329CF766700C71A19 /* Products */;
			projectDirPath = "";
			projectRoot = "";
			targets = (
				5E507BF529CFAD65006751F3 /* FloatplaneApp */,
				5E507C0B29CFAD66006751F3 /* FloatplaneAppTests */,
				5E507C1529CFAD66006751F3 /* FloatplaneAppUITests */,
			);
		};
/* End PBXProject section */

/* Begin PBXResourcesBuildPhase section */
		5E507BF429CFAD65006751F3 /* Resources */ = {
			isa = PBXResourcesBuildPhase;
			buildActionMask = 2147483647;
			files = (
				5EAAE74E29CFC7A000F9A83B /* UserConfiguration.swift.bak in Resources */,
				5E507C0629CFAD66006751F3 /* LaunchScreen.storyboard in Resources */,
				5E507C0329CFAD66006751F3 /* Assets.xcassets in Resources */,
				5E507BFE29CFAD65006751F3 /* Main.storyboard in Resources */,
			);
			runOnlyForDeploymentPostprocessing = 0;
		};
		5E507C0A29CFAD66006751F3 /* Resources */ = {
			isa = PBXResourcesBuildPhase;
			buildActionMask = 2147483647;
			files = (
			);
			runOnlyForDeploymentPostprocessing = 0;
		};
		5E507C1429CFAD66006751F3 /* Resources */ = {
			isa = PBXResourcesBuildPhase;
			buildActionMask = 2147483647;
			files = (
			);
			runOnlyForDeploymentPostprocessing = 0;
		};
/* End PBXResourcesBuildPhase section */

/* Begin PBXSourcesBuildPhase section */
		5E507BF229CFAD65006751F3 /* Sources */ = {
			isa = PBXSourcesBuildPhase;
			buildActionMask = 2147483647;
			files = (
				5E507C3029CFB293006751F3 /* DeliveryKeyOperation.swift in Sources */,
				5E507C3229CFB4C4006751F3 /* DeliveryKey.swift in Sources */,
				5EAAE75F29CFD86F00F9A83B /* FeedItemCollectionViewCell.swift in Sources */,
				5E507C2A29CFB0EB006751F3 /* CreatorFeedDecoder.swift in Sources */,
				5EAAE77829D0D3D200F9A83B /* UserSettings.swift in Sources */,
				5EAAE76E29D0BF2D00F9A83B /* FPTabBarController.swift in Sources */,
				5EAAE75C29CFD12A00F9A83B /* DeliveryKeyRequest.swift in Sources */,
				5EAAE76429D0B0C000F9A83B /* PostType.swift in Sources */,
				5E507C2929CFB0E9006751F3 /* ContentFeedOperation.swift in Sources */,
				5EAAE77329D0D17700F9A83B /* StreamUrl.swift in Sources */,
				5E507BFB29CFAD65006751F3 /* BrowseViewController.swift in Sources */,
				5E507BF929CFAD65006751F3 /* AppDelegate.swift in Sources */,
				5EAAE75229CFC9C100F9A83B /* APIOperation.swift in Sources */,
				5EAAE77D29D12B8200F9A83B /* CacheableAPIOperation.swift in Sources */,
				5EAAE75729CFD0A700F9A83B /* CookieManager.swift in Sources */,
				5EAAE77029D0C2B700F9A83B /* BrowseReusableHeaderView.swift in Sources */,
				5EAAE77529D0D29C00F9A83B /* QualityLevelName.swift in Sources */,
				5EAAE75529CFD06C00F9A83B /* ContentFeedRequest.swift in Sources */,
				5E507C2B29CFB0ED006751F3 /* CreatorFeed.swift in Sources */,
				5EAAE74C29CFC20900F9A83B /* UserConfiguration.swift in Sources */,
				5E507C0129CFAD65006751F3 /* FloatplaneApp.xcdatamodeld in Sources */,
				5EAAE75929CFD0D300F9A83B /* OperationConstants.swift in Sources */,
				5EAAE78329D1329200F9A83B /* Log4S.swift in Sources */,
			);
			runOnlyForDeploymentPostprocessing = 0;
		};
		5E507C0829CFAD66006751F3 /* Sources */ = {
			isa = PBXSourcesBuildPhase;
			buildActionMask = 2147483647;
			files = (
				5E507C1129CFAD66006751F3 /* FloatplaneAppTests.swift in Sources */,
			);
			runOnlyForDeploymentPostprocessing = 0;
		};
		5E507C1229CFAD66006751F3 /* Sources */ = {
			isa = PBXSourcesBuildPhase;
			buildActionMask = 2147483647;
			files = (
				5E507C1D29CFAD66006751F3 /* FloatplaneAppUITestsLaunchTests.swift in Sources */,
				5E507C1B29CFAD66006751F3 /* FloatplaneAppUITests.swift in Sources */,
			);
			runOnlyForDeploymentPostprocessing = 0;
		};
/* End PBXSourcesBuildPhase section */

/* Begin PBXTargetDependency section */
		5E507C0E29CFAD66006751F3 /* PBXTargetDependency */ = {
			isa = PBXTargetDependency;
			target = 5E507BF529CFAD65006751F3 /* FloatplaneApp */;
			targetProxy = 5E507C0D29CFAD66006751F3 /* PBXContainerItemProxy */;
		};
		5E507C1829CFAD66006751F3 /* PBXTargetDependency */ = {
			isa = PBXTargetDependency;
			target = 5E507BF529CFAD65006751F3 /* FloatplaneApp */;
			targetProxy = 5E507C1729CFAD66006751F3 /* PBXContainerItemProxy */;
		};
/* End PBXTargetDependency section */

/* Begin PBXVariantGroup section */
		5E507BFC29CFAD65006751F3 /* Main.storyboard */ = {
			isa = PBXVariantGroup;
			children = (
				5E507BFD29CFAD65006751F3 /* Base */,
			);
			name = Main.storyboard;
			sourceTree = "<group>";
		};
		5E507C0429CFAD66006751F3 /* LaunchScreen.storyboard */ = {
			isa = PBXVariantGroup;
			children = (
				5E507C0529CFAD66006751F3 /* Base */,
			);
			name = LaunchScreen.storyboard;
			sourceTree = "<group>";
		};
/* End PBXVariantGroup section */

/* Begin XCBuildConfiguration section */
		5E0C3CFA29CF766800C71A19 /* Debug */ = {
			isa = XCBuildConfiguration;
			buildSettings = {
				ALWAYS_SEARCH_USER_PATHS = NO;
				CLANG_ANALYZER_NONNULL = YES;
				CLANG_ANALYZER_NUMBER_OBJECT_CONVERSION = YES_AGGRESSIVE;
				CLANG_CXX_LANGUAGE_STANDARD = "gnu++20";
				CLANG_ENABLE_MODULES = YES;
				CLANG_ENABLE_OBJC_ARC = YES;
				CLANG_ENABLE_OBJC_WEAK = YES;
				CLANG_WARN_BLOCK_CAPTURE_AUTORELEASING = YES;
				CLANG_WARN_BOOL_CONVERSION = YES;
				CLANG_WARN_COMMA = YES;
				CLANG_WARN_CONSTANT_CONVERSION = YES;
				CLANG_WARN_DEPRECATED_OBJC_IMPLEMENTATIONS = YES;
				CLANG_WARN_DIRECT_OBJC_ISA_USAGE = YES_ERROR;
				CLANG_WARN_DOCUMENTATION_COMMENTS = YES;
				CLANG_WARN_EMPTY_BODY = YES;
				CLANG_WARN_ENUM_CONVERSION = YES;
				CLANG_WARN_INFINITE_RECURSION = YES;
				CLANG_WARN_INT_CONVERSION = YES;
				CLANG_WARN_NON_LITERAL_NULL_CONVERSION = YES;
				CLANG_WARN_OBJC_IMPLICIT_RETAIN_SELF = YES;
				CLANG_WARN_OBJC_LITERAL_CONVERSION = YES;
				CLANG_WARN_OBJC_ROOT_CLASS = YES_ERROR;
				CLANG_WARN_QUOTED_INCLUDE_IN_FRAMEWORK_HEADER = YES;
				CLANG_WARN_RANGE_LOOP_ANALYSIS = YES;
				CLANG_WARN_STRICT_PROTOTYPES = YES;
				CLANG_WARN_SUSPICIOUS_MOVE = YES;
				CLANG_WARN_UNGUARDED_AVAILABILITY = YES_AGGRESSIVE;
				CLANG_WARN_UNREACHABLE_CODE = YES;
				CLANG_WARN__DUPLICATE_METHOD_MATCH = YES;
				COPY_PHASE_STRIP = NO;
				DEBUG_INFORMATION_FORMAT = dwarf;
				ENABLE_STRICT_OBJC_MSGSEND = YES;
				ENABLE_TESTABILITY = YES;
				GCC_C_LANGUAGE_STANDARD = gnu11;
				GCC_DYNAMIC_NO_PIC = NO;
				GCC_NO_COMMON_BLOCKS = YES;
				GCC_OPTIMIZATION_LEVEL = 0;
				GCC_PREPROCESSOR_DEFINITIONS = (
					"DEBUG=1",
					"$(inherited)",
				);
				GCC_WARN_64_TO_32_BIT_CONVERSION = YES;
				GCC_WARN_ABOUT_RETURN_TYPE = YES_ERROR;
				GCC_WARN_UNDECLARED_SELECTOR = YES;
				GCC_WARN_UNINITIALIZED_AUTOS = YES_AGGRESSIVE;
				GCC_WARN_UNUSED_FUNCTION = YES;
				GCC_WARN_UNUSED_VARIABLE = YES;
				MTL_ENABLE_DEBUG_INFO = INCLUDE_SOURCE;
				MTL_FAST_MATH = YES;
				ONLY_ACTIVE_ARCH = YES;
				SDKROOT = appletvos;
				SWIFT_ACTIVE_COMPILATION_CONDITIONS = DEBUG;
				SWIFT_OPTIMIZATION_LEVEL = "-Onone";
				TVOS_DEPLOYMENT_TARGET = 16.1;
			};
			name = Debug;
		};
		5E0C3CFB29CF766800C71A19 /* Release */ = {
			isa = XCBuildConfiguration;
			buildSettings = {
				ALWAYS_SEARCH_USER_PATHS = NO;
				CLANG_ANALYZER_NONNULL = YES;
				CLANG_ANALYZER_NUMBER_OBJECT_CONVERSION = YES_AGGRESSIVE;
				CLANG_CXX_LANGUAGE_STANDARD = "gnu++20";
				CLANG_ENABLE_MODULES = YES;
				CLANG_ENABLE_OBJC_ARC = YES;
				CLANG_ENABLE_OBJC_WEAK = YES;
				CLANG_WARN_BLOCK_CAPTURE_AUTORELEASING = YES;
				CLANG_WARN_BOOL_CONVERSION = YES;
				CLANG_WARN_COMMA = YES;
				CLANG_WARN_CONSTANT_CONVERSION = YES;
				CLANG_WARN_DEPRECATED_OBJC_IMPLEMENTATIONS = YES;
				CLANG_WARN_DIRECT_OBJC_ISA_USAGE = YES_ERROR;
				CLANG_WARN_DOCUMENTATION_COMMENTS = YES;
				CLANG_WARN_EMPTY_BODY = YES;
				CLANG_WARN_ENUM_CONVERSION = YES;
				CLANG_WARN_INFINITE_RECURSION = YES;
				CLANG_WARN_INT_CONVERSION = YES;
				CLANG_WARN_NON_LITERAL_NULL_CONVERSION = YES;
				CLANG_WARN_OBJC_IMPLICIT_RETAIN_SELF = YES;
				CLANG_WARN_OBJC_LITERAL_CONVERSION = YES;
				CLANG_WARN_OBJC_ROOT_CLASS = YES_ERROR;
				CLANG_WARN_QUOTED_INCLUDE_IN_FRAMEWORK_HEADER = YES;
				CLANG_WARN_RANGE_LOOP_ANALYSIS = YES;
				CLANG_WARN_STRICT_PROTOTYPES = YES;
				CLANG_WARN_SUSPICIOUS_MOVE = YES;
				CLANG_WARN_UNGUARDED_AVAILABILITY = YES_AGGRESSIVE;
				CLANG_WARN_UNREACHABLE_CODE = YES;
				CLANG_WARN__DUPLICATE_METHOD_MATCH = YES;
				COPY_PHASE_STRIP = NO;
				DEBUG_INFORMATION_FORMAT = "dwarf-with-dsym";
				ENABLE_NS_ASSERTIONS = NO;
				ENABLE_STRICT_OBJC_MSGSEND = YES;
				GCC_C_LANGUAGE_STANDARD = gnu11;
				GCC_NO_COMMON_BLOCKS = YES;
				GCC_WARN_64_TO_32_BIT_CONVERSION = YES;
				GCC_WARN_ABOUT_RETURN_TYPE = YES_ERROR;
				GCC_WARN_UNDECLARED_SELECTOR = YES;
				GCC_WARN_UNINITIALIZED_AUTOS = YES_AGGRESSIVE;
				GCC_WARN_UNUSED_FUNCTION = YES;
				GCC_WARN_UNUSED_VARIABLE = YES;
				MTL_ENABLE_DEBUG_INFO = NO;
				MTL_FAST_MATH = YES;
				SDKROOT = appletvos;
				SWIFT_COMPILATION_MODE = wholemodule;
				SWIFT_OPTIMIZATION_LEVEL = "-O";
				TVOS_DEPLOYMENT_TARGET = 16.1;
				VALIDATE_PRODUCT = YES;
			};
			name = Release;
		};
		5E507C1F29CFAD66006751F3 /* Debug */ = {
			isa = XCBuildConfiguration;
			buildSettings = {
				ASSETCATALOG_COMPILER_APPICON_NAME = "App Icon & Top Shelf Image";
				ASSETCATALOG_COMPILER_GLOBAL_ACCENT_COLOR_NAME = AccentColor;
				CODE_SIGN_STYLE = Automatic;
				CURRENT_PROJECT_VERSION = 1;
				DEVELOPMENT_TEAM = EM3SMK3DU7;
				GENERATE_INFOPLIST_FILE = YES;
				INFOPLIST_KEY_UILaunchStoryboardName = LaunchScreen;
				INFOPLIST_KEY_UIMainStoryboardFile = Main;
				INFOPLIST_KEY_UIUserInterfaceStyle = Automatic;
				LD_RUNPATH_SEARCH_PATHS = (
					"$(inherited)",
					"@executable_path/Frameworks",
				);
				MARKETING_VERSION = 1.0;
				PRODUCT_BUNDLE_IDENTIFIER = org.georgie.FloatplaneApp;
				PRODUCT_NAME = "$(TARGET_NAME)";
				SWIFT_EMIT_LOC_STRINGS = YES;
				SWIFT_VERSION = 5.0;
				TARGETED_DEVICE_FAMILY = 3;
			};
			name = Debug;
		};
		5E507C2029CFAD66006751F3 /* Release */ = {
			isa = XCBuildConfiguration;
			buildSettings = {
				ASSETCATALOG_COMPILER_APPICON_NAME = "App Icon & Top Shelf Image";
				ASSETCATALOG_COMPILER_GLOBAL_ACCENT_COLOR_NAME = AccentColor;
				CODE_SIGN_STYLE = Automatic;
				CURRENT_PROJECT_VERSION = 1;
				DEVELOPMENT_TEAM = EM3SMK3DU7;
				GENERATE_INFOPLIST_FILE = YES;
				INFOPLIST_KEY_UILaunchStoryboardName = LaunchScreen;
				INFOPLIST_KEY_UIMainStoryboardFile = Main;
				INFOPLIST_KEY_UIUserInterfaceStyle = Automatic;
				LD_RUNPATH_SEARCH_PATHS = (
					"$(inherited)",
					"@executable_path/Frameworks",
				);
				MARKETING_VERSION = 1.0;
				PRODUCT_BUNDLE_IDENTIFIER = org.georgie.FloatplaneApp;
				PRODUCT_NAME = "$(TARGET_NAME)";
				SWIFT_EMIT_LOC_STRINGS = YES;
				SWIFT_VERSION = 5.0;
				TARGETED_DEVICE_FAMILY = 3;
			};
			name = Release;
		};
		5E507C2229CFAD66006751F3 /* Debug */ = {
			isa = XCBuildConfiguration;
			buildSettings = {
				ALWAYS_EMBED_SWIFT_STANDARD_LIBRARIES = YES;
				BUNDLE_LOADER = "$(TEST_HOST)";
				CODE_SIGN_STYLE = Automatic;
				CURRENT_PROJECT_VERSION = 1;
				GENERATE_INFOPLIST_FILE = YES;
				MARKETING_VERSION = 1.0;
				PRODUCT_BUNDLE_IDENTIFIER = org.georgie.FloatplaneAppTests;
				PRODUCT_NAME = "$(TARGET_NAME)";
				SWIFT_EMIT_LOC_STRINGS = NO;
				SWIFT_VERSION = 5.0;
				TARGETED_DEVICE_FAMILY = 3;
				TEST_HOST = "$(BUILT_PRODUCTS_DIR)/FloatplaneApp.app/$(BUNDLE_EXECUTABLE_FOLDER_PATH)/FloatplaneApp";
				TVOS_DEPLOYMENT_TARGET = 16.1;
			};
			name = Debug;
		};
		5E507C2329CFAD66006751F3 /* Release */ = {
			isa = XCBuildConfiguration;
			buildSettings = {
				ALWAYS_EMBED_SWIFT_STANDARD_LIBRARIES = YES;
				BUNDLE_LOADER = "$(TEST_HOST)";
				CODE_SIGN_STYLE = Automatic;
				CURRENT_PROJECT_VERSION = 1;
				GENERATE_INFOPLIST_FILE = YES;
				MARKETING_VERSION = 1.0;
				PRODUCT_BUNDLE_IDENTIFIER = org.georgie.FloatplaneAppTests;
				PRODUCT_NAME = "$(TARGET_NAME)";
				SWIFT_EMIT_LOC_STRINGS = NO;
				SWIFT_VERSION = 5.0;
				TARGETED_DEVICE_FAMILY = 3;
				TEST_HOST = "$(BUILT_PRODUCTS_DIR)/FloatplaneApp.app/$(BUNDLE_EXECUTABLE_FOLDER_PATH)/FloatplaneApp";
				TVOS_DEPLOYMENT_TARGET = 16.1;
			};
			name = Release;
		};
		5E507C2529CFAD66006751F3 /* Debug */ = {
			isa = XCBuildConfiguration;
			buildSettings = {
				ALWAYS_EMBED_SWIFT_STANDARD_LIBRARIES = YES;
				CODE_SIGN_STYLE = Automatic;
				CURRENT_PROJECT_VERSION = 1;
				GENERATE_INFOPLIST_FILE = YES;
				MARKETING_VERSION = 1.0;
				PRODUCT_BUNDLE_IDENTIFIER = org.georgie.FloatplaneAppUITests;
				PRODUCT_NAME = "$(TARGET_NAME)";
				SWIFT_EMIT_LOC_STRINGS = NO;
				SWIFT_VERSION = 5.0;
				TARGETED_DEVICE_FAMILY = 3;
				TEST_TARGET_NAME = FloatplaneApp;
			};
			name = Debug;
		};
		5E507C2629CFAD66006751F3 /* Release */ = {
			isa = XCBuildConfiguration;
			buildSettings = {
				ALWAYS_EMBED_SWIFT_STANDARD_LIBRARIES = YES;
				CODE_SIGN_STYLE = Automatic;
				CURRENT_PROJECT_VERSION = 1;
				GENERATE_INFOPLIST_FILE = YES;
				MARKETING_VERSION = 1.0;
				PRODUCT_BUNDLE_IDENTIFIER = org.georgie.FloatplaneAppUITests;
				PRODUCT_NAME = "$(TARGET_NAME)";
				SWIFT_EMIT_LOC_STRINGS = NO;
				SWIFT_VERSION = 5.0;
				TARGETED_DEVICE_FAMILY = 3;
				TEST_TARGET_NAME = FloatplaneApp;
			};
			name = Release;
		};
/* End XCBuildConfiguration section */

/* Begin XCConfigurationList section */
		5E0C3CCD29CF766700C71A19 /* Build configuration list for PBXProject "Floatplane App" */ = {
			isa = XCConfigurationList;
			buildConfigurations = (
				5E0C3CFA29CF766800C71A19 /* Debug */,
				5E0C3CFB29CF766800C71A19 /* Release */,
			);
			defaultConfigurationIsVisible = 0;
			defaultConfigurationName = Release;
		};
		5E507C1E29CFAD66006751F3 /* Build configuration list for PBXNativeTarget "FloatplaneApp" */ = {
			isa = XCConfigurationList;
			buildConfigurations = (
				5E507C1F29CFAD66006751F3 /* Debug */,
				5E507C2029CFAD66006751F3 /* Release */,
			);
			defaultConfigurationIsVisible = 0;
			defaultConfigurationName = Release;
		};
		5E507C2129CFAD66006751F3 /* Build configuration list for PBXNativeTarget "FloatplaneAppTests" */ = {
			isa = XCConfigurationList;
			buildConfigurations = (
				5E507C2229CFAD66006751F3 /* Debug */,
				5E507C2329CFAD66006751F3 /* Release */,
			);
			defaultConfigurationIsVisible = 0;
			defaultConfigurationName = Release;
		};
		5E507C2429CFAD66006751F3 /* Build configuration list for PBXNativeTarget "FloatplaneAppUITests" */ = {
			isa = XCConfigurationList;
			buildConfigurations = (
				5E507C2529CFAD66006751F3 /* Debug */,
				5E507C2629CFAD66006751F3 /* Release */,
			);
			defaultConfigurationIsVisible = 0;
			defaultConfigurationName = Release;
		};
/* End XCConfigurationList section */

/* Begin XCRemoteSwiftPackageReference section */
		5E0C3D0529CF772600C71A19 /* XCRemoteSwiftPackageReference "Alamofire" */ = {
			isa = XCRemoteSwiftPackageReference;
			repositoryURL = "https://github.com/Alamofire/Alamofire.git";
			requirement = {
				kind = upToNextMajorVersion;
				minimumVersion = 5.0.0;
			};
		};
		5EAAE76029D03A9A00F9A83B /* XCRemoteSwiftPackageReference "ParallaxView" */ = {
			isa = XCRemoteSwiftPackageReference;
			repositoryURL = "https://github.com/PGSSoft/ParallaxView";
			requirement = {
				kind = upToNextMajorVersion;
				minimumVersion = 3.0.0;
			};
		};
		5EAAE76629D0B34D00F9A83B /* XCRemoteSwiftPackageReference "AlamofireImage" */ = {
			isa = XCRemoteSwiftPackageReference;
			repositoryURL = "https://github.com/Alamofire/AlamofireImage.git";
			requirement = {
				kind = upToNextMajorVersion;
				minimumVersion = 4.0.0;
			};
		};
		5EAAE76929D0B56B00F9A83B /* XCRemoteSwiftPackageReference "SwiftDate" */ = {
			isa = XCRemoteSwiftPackageReference;
			repositoryURL = "https://github.com/malcommac/SwiftDate.git";
			requirement = {
				kind = upToNextMajorVersion;
				minimumVersion = 7.0.0;
			};
		};
		5EAAE77929D12B6300F9A83B /* XCRemoteSwiftPackageReference "Cache" */ = {
			isa = XCRemoteSwiftPackageReference;
			repositoryURL = "https://github.com/hyperoslo/Cache.git";
			requirement = {
				kind = upToNextMajorVersion;
				minimumVersion = 6.0.0;
			};
		};
		5EAAE77E29D131FD00F9A83B /* XCRemoteSwiftPackageReference "swift-log" */ = {
			isa = XCRemoteSwiftPackageReference;
			repositoryURL = "https://github.com/apple/swift-log.git";
			requirement = {
				kind = upToNextMajorVersion;
				minimumVersion = 1.0.0;
			};
		};
/* End XCRemoteSwiftPackageReference section */

/* Begin XCSwiftPackageProductDependency section */
		5E507C2D29CFB0FE006751F3 /* Alamofire */ = {
			isa = XCSwiftPackageProductDependency;
			package = 5E0C3D0529CF772600C71A19 /* XCRemoteSwiftPackageReference "Alamofire" */;
			productName = Alamofire;
		};
		5EAAE76129D03A9A00F9A83B /* ParallaxView */ = {
			isa = XCSwiftPackageProductDependency;
			package = 5EAAE76029D03A9A00F9A83B /* XCRemoteSwiftPackageReference "ParallaxView" */;
			productName = ParallaxView;
		};
		5EAAE76729D0B34D00F9A83B /* AlamofireImage */ = {
			isa = XCSwiftPackageProductDependency;
			package = 5EAAE76629D0B34D00F9A83B /* XCRemoteSwiftPackageReference "AlamofireImage" */;
			productName = AlamofireImage;
		};
		5EAAE76A29D0B56B00F9A83B /* SwiftDate */ = {
			isa = XCSwiftPackageProductDependency;
			package = 5EAAE76929D0B56B00F9A83B /* XCRemoteSwiftPackageReference "SwiftDate" */;
			productName = SwiftDate;
		};
		5EAAE77A29D12B6300F9A83B /* Cache */ = {
			isa = XCSwiftPackageProductDependency;
			package = 5EAAE77929D12B6300F9A83B /* XCRemoteSwiftPackageReference "Cache" */;
			productName = Cache;
		};
		5EAAE77F29D131FD00F9A83B /* Logging */ = {
			isa = XCSwiftPackageProductDependency;
			package = 5EAAE77E29D131FD00F9A83B /* XCRemoteSwiftPackageReference "swift-log" */;
			productName = Logging;
		};
/* End XCSwiftPackageProductDependency section */

/* Begin XCVersionGroup section */
		5E507BFF29CFAD65006751F3 /* FloatplaneApp.xcdatamodeld */ = {
			isa = XCVersionGroup;
			children = (
				5E507C0029CFAD65006751F3 /* FloatplaneApp.xcdatamodel */,
			);
			currentVersion = 5E507C0029CFAD65006751F3 /* FloatplaneApp.xcdatamodel */;
			path = FloatplaneApp.xcdatamodeld;
			sourceTree = "<group>";
			versionGroupType = wrapper.xcdatamodel;
		};
/* End XCVersionGroup section */
	};
	rootObject = 5E0C3CCA29CF766700C71A19 /* Project object */;
}
