// !$*UTF8*$!
{
	archiveVersion = 1;
	classes = {
	};
	objectVersion = 56;
	objects = {

/* Begin PBXBuildFile section */
		5E389B3529D8B29900FC8B4B /* FloatplaneApp_Operations.framework in Frameworks */ = {isa = PBXBuildFile; fileRef = 5E389B2A29D8B29800FC8B4B /* FloatplaneApp_Operations.framework */; };
		5E389B3B29D8B29900FC8B4B /* FloatplaneApp_Operations.h in Headers */ = {isa = PBXBuildFile; fileRef = 5E389B2D29D8B29800FC8B4B /* FloatplaneApp_Operations.h */; settings = {ATTRIBUTES = (Public, ); }; };
		5E389B7029D8B34B00FC8B4B /* CreatorOperation.swift in Sources */ = {isa = PBXBuildFile; fileRef = 5E389B5629D8B34B00FC8B4B /* CreatorOperation.swift */; };
		5E389B7129D8B34B00FC8B4B /* VodDeliveryKeyOperation.swift in Sources */ = {isa = PBXBuildFile; fileRef = 5E389B5829D8B34B00FC8B4B /* VodDeliveryKeyOperation.swift */; };
		5E389B7229D8B34B00FC8B4B /* LiveDeliveryKeyOperation.swift in Sources */ = {isa = PBXBuildFile; fileRef = 5E389B5929D8B34B00FC8B4B /* LiveDeliveryKeyOperation.swift */; };
		5E389B7329D8B34B00FC8B4B /* VideoMetadataOperation.swift in Sources */ = {isa = PBXBuildFile; fileRef = 5E389B5B29D8B34B00FC8B4B /* VideoMetadataOperation.swift */; };
		5E389B7429D8B34B00FC8B4B /* ContentVideoOperation.swift in Sources */ = {isa = PBXBuildFile; fileRef = 5E389B5C29D8B34B00FC8B4B /* ContentVideoOperation.swift */; };
		5E389B7529D8B34B00FC8B4B /* CreatorListOperation.swift in Sources */ = {isa = PBXBuildFile; fileRef = 5E389B5E29D8B34B00FC8B4B /* CreatorListOperation.swift */; };
		5E389B7629D8B34B00FC8B4B /* OperationManager.swift in Sources */ = {isa = PBXBuildFile; fileRef = 5E389B6029D8B34B00FC8B4B /* OperationManager.swift */; };
		5E389B7829D8B34B00FC8B4B /* SubscriptionOperation.swift in Sources */ = {isa = PBXBuildFile; fileRef = 5E389B6329D8B34B00FC8B4B /* SubscriptionOperation.swift */; };
		5E389B7929D8B34B00FC8B4B /* SearchOperation.swift in Sources */ = {isa = PBXBuildFile; fileRef = 5E389B6529D8B34B00FC8B4B /* SearchOperation.swift */; };
		5E389B7C29D8B34B00FC8B4B /* CacheableAPIOperation.swift in Sources */ = {isa = PBXBuildFile; fileRef = 5E389B6929D8B34B00FC8B4B /* CacheableAPIOperation.swift */; };
		5E389B7D29D8B34B00FC8B4B /* ContentFeedOperation.swift in Sources */ = {isa = PBXBuildFile; fileRef = 5E389B6B29D8B34B00FC8B4B /* ContentFeedOperation.swift */; };
		5E389B7E29D8B34B00FC8B4B /* LoginOperation.swift in Sources */ = {isa = PBXBuildFile; fileRef = 5E389B6D29D8B34B00FC8B4B /* LoginOperation.swift */; };
		5E389B7F29D8B34B00FC8B4B /* LogoutOperation.swift in Sources */ = {isa = PBXBuildFile; fileRef = 5E389B6E29D8B34B00FC8B4B /* LogoutOperation.swift */; };
		5E389B8F29D8B42600FC8B4B /* Alamofire in Frameworks */ = {isa = PBXBuildFile; productRef = 5E389B8E29D8B42600FC8B4B /* Alamofire */; };
		5E389B9229D8B43A00FC8B4B /* ImageGrabber.swift in Sources */ = {isa = PBXBuildFile; fileRef = 5E389B9129D8B43A00FC8B4B /* ImageGrabber.swift */; };
		5E389B9529D8B45700FC8B4B /* AlamofireImage in Frameworks */ = {isa = PBXBuildFile; productRef = 5E389B9429D8B45700FC8B4B /* AlamofireImage */; };
		5E389BFE29D8B63B00FC8B4B /* FloatplaneApp_Operations.docc in Resources */ = {isa = PBXBuildFile; fileRef = 5E389B2E29D8B29800FC8B4B /* FloatplaneApp_Operations.docc */; };
		5E389C4529D8BA1D00FC8B4B /* Cache in Frameworks */ = {isa = PBXBuildFile; productRef = 5E389C4429D8BA1D00FC8B4B /* Cache */; };
		5E389C4D29D8BE0D00FC8B4B /* OperationConstants.swift in Sources */ = {isa = PBXBuildFile; fileRef = 5E389C4C29D8BE0D00FC8B4B /* OperationConstants.swift */; };
		5E389C5129D8C01D00FC8B4B /* FloatplaneDecoder.swift in Sources */ = {isa = PBXBuildFile; fileRef = 5E389C4E29D8BF3E00FC8B4B /* FloatplaneDecoder.swift */; };
		5EFD928329D8C883007E8374 /* FloatplaneApp_Models.framework in Frameworks */ = {isa = PBXBuildFile; fileRef = 5EFD927F29D8C766007E8374 /* FloatplaneApp_Models.framework */; };
		5EFD928729D8C8BA007E8374 /* FloatplaneApp_Utilities.framework in Frameworks */ = {isa = PBXBuildFile; fileRef = 5EFD928629D8C8BA007E8374 /* FloatplaneApp_Utilities.framework */; };
		5EFD929929D90D30007E8374 /* AVKit.framework in Frameworks */ = {isa = PBXBuildFile; fileRef = 5EFD929829D90D2F007E8374 /* AVKit.framework */; };
/* End PBXBuildFile section */

/* Begin PBXContainerItemProxy section */
		5E389B3629D8B29900FC8B4B /* PBXContainerItemProxy */ = {
			isa = PBXContainerItemProxy;
			containerPortal = 5E389B2129D8B29800FC8B4B /* Project object */;
			proxyType = 1;
			remoteGlobalIDString = 5E389B2929D8B29800FC8B4B;
			remoteInfo = "FloatplaneApp-Operations";
		};
/* End PBXContainerItemProxy section */

/* Begin PBXFileReference section */
		5E389B2A29D8B29800FC8B4B /* FloatplaneApp_Operations.framework */ = {isa = PBXFileReference; explicitFileType = wrapper.framework; includeInIndex = 0; path = FloatplaneApp_Operations.framework; sourceTree = BUILT_PRODUCTS_DIR; };
		5E389B2D29D8B29800FC8B4B /* FloatplaneApp_Operations.h */ = {isa = PBXFileReference; lastKnownFileType = sourcecode.c.h; path = FloatplaneApp_Operations.h; sourceTree = "<group>"; };
		5E389B2E29D8B29800FC8B4B /* FloatplaneApp_Operations.docc */ = {isa = PBXFileReference; lastKnownFileType = folder.documentationcatalog; path = FloatplaneApp_Operations.docc; sourceTree = "<group>"; };
		5E389B3429D8B29900FC8B4B /* FloatplaneApp-OperationsTests.xctest */ = {isa = PBXFileReference; explicitFileType = wrapper.cfbundle; includeInIndex = 0; path = "FloatplaneApp-OperationsTests.xctest"; sourceTree = BUILT_PRODUCTS_DIR; };
		5E389B5629D8B34B00FC8B4B /* CreatorOperation.swift */ = {isa = PBXFileReference; fileEncoding = 4; lastKnownFileType = sourcecode.swift; path = CreatorOperation.swift; sourceTree = "<group>"; };
		5E389B5829D8B34B00FC8B4B /* VodDeliveryKeyOperation.swift */ = {isa = PBXFileReference; fileEncoding = 4; lastKnownFileType = sourcecode.swift; path = VodDeliveryKeyOperation.swift; sourceTree = "<group>"; };
		5E389B5929D8B34B00FC8B4B /* LiveDeliveryKeyOperation.swift */ = {isa = PBXFileReference; fileEncoding = 4; lastKnownFileType = sourcecode.swift; path = LiveDeliveryKeyOperation.swift; sourceTree = "<group>"; };
		5E389B5B29D8B34B00FC8B4B /* VideoMetadataOperation.swift */ = {isa = PBXFileReference; fileEncoding = 4; lastKnownFileType = sourcecode.swift; path = VideoMetadataOperation.swift; sourceTree = "<group>"; };
		5E389B5C29D8B34B00FC8B4B /* ContentVideoOperation.swift */ = {isa = PBXFileReference; fileEncoding = 4; lastKnownFileType = sourcecode.swift; path = ContentVideoOperation.swift; sourceTree = "<group>"; };
		5E389B5E29D8B34B00FC8B4B /* CreatorListOperation.swift */ = {isa = PBXFileReference; fileEncoding = 4; lastKnownFileType = sourcecode.swift; path = CreatorListOperation.swift; sourceTree = "<group>"; };
		5E389B6029D8B34B00FC8B4B /* OperationManager.swift */ = {isa = PBXFileReference; fileEncoding = 4; lastKnownFileType = sourcecode.swift; path = OperationManager.swift; sourceTree = "<group>"; };
		5E389B6329D8B34B00FC8B4B /* SubscriptionOperation.swift */ = {isa = PBXFileReference; fileEncoding = 4; lastKnownFileType = sourcecode.swift; path = SubscriptionOperation.swift; sourceTree = "<group>"; };
		5E389B6529D8B34B00FC8B4B /* SearchOperation.swift */ = {isa = PBXFileReference; fileEncoding = 4; lastKnownFileType = sourcecode.swift; path = SearchOperation.swift; sourceTree = "<group>"; };
		5E389B6929D8B34B00FC8B4B /* CacheableAPIOperation.swift */ = {isa = PBXFileReference; fileEncoding = 4; lastKnownFileType = sourcecode.swift; path = CacheableAPIOperation.swift; sourceTree = "<group>"; };
		5E389B6B29D8B34B00FC8B4B /* ContentFeedOperation.swift */ = {isa = PBXFileReference; fileEncoding = 4; lastKnownFileType = sourcecode.swift; path = ContentFeedOperation.swift; sourceTree = "<group>"; };
		5E389B6D29D8B34B00FC8B4B /* LoginOperation.swift */ = {isa = PBXFileReference; fileEncoding = 4; lastKnownFileType = sourcecode.swift; path = LoginOperation.swift; sourceTree = "<group>"; };
		5E389B6E29D8B34B00FC8B4B /* LogoutOperation.swift */ = {isa = PBXFileReference; fileEncoding = 4; lastKnownFileType = sourcecode.swift; path = LogoutOperation.swift; sourceTree = "<group>"; };
		5E389B9129D8B43A00FC8B4B /* ImageGrabber.swift */ = {isa = PBXFileReference; lastKnownFileType = sourcecode.swift; path = ImageGrabber.swift; sourceTree = "<group>"; };
		5E389B9929D8B55400FC8B4B /* FloatplaneApp_Models.framework */ = {isa = PBXFileReference; explicitFileType = wrapper.framework; path = FloatplaneApp_Models.framework; sourceTree = BUILT_PRODUCTS_DIR; };
		5E389C4C29D8BE0D00FC8B4B /* OperationConstants.swift */ = {isa = PBXFileReference; lastKnownFileType = sourcecode.swift; path = OperationConstants.swift; sourceTree = "<group>"; };
		5E389C4E29D8BF3E00FC8B4B /* FloatplaneDecoder.swift */ = {isa = PBXFileReference; fileEncoding = 4; lastKnownFileType = sourcecode.swift; path = FloatplaneDecoder.swift; sourceTree = "<group>"; };
		5EFD927F29D8C766007E8374 /* FloatplaneApp_Models.framework */ = {isa = PBXFileReference; explicitFileType = wrapper.framework; path = FloatplaneApp_Models.framework; sourceTree = BUILT_PRODUCTS_DIR; };
		5EFD928629D8C8BA007E8374 /* FloatplaneApp_Utilities.framework */ = {isa = PBXFileReference; explicitFileType = wrapper.framework; path = FloatplaneApp_Utilities.framework; sourceTree = BUILT_PRODUCTS_DIR; };
		5EFD929829D90D2F007E8374 /* AVKit.framework */ = {isa = PBXFileReference; lastKnownFileType = wrapper.framework; name = AVKit.framework; path = Platforms/AppleTVOS.platform/Developer/SDKs/AppleTVOS16.1.sdk/System/Library/Frameworks/AVKit.framework; sourceTree = DEVELOPER_DIR; };
/* End PBXFileReference section */

/* Begin PBXFrameworksBuildPhase section */
		5E389B2729D8B29800FC8B4B /* Frameworks */ = {
			isa = PBXFrameworksBuildPhase;
			buildActionMask = 2147483647;
			files = (
				5EFD928729D8C8BA007E8374 /* FloatplaneApp_Utilities.framework in Frameworks */,
				5EFD928329D8C883007E8374 /* FloatplaneApp_Models.framework in Frameworks */,
				5EFD929929D90D30007E8374 /* AVKit.framework in Frameworks */,
				5E389B8F29D8B42600FC8B4B /* Alamofire in Frameworks */,
				5E389C4529D8BA1D00FC8B4B /* Cache in Frameworks */,
				5E389B9529D8B45700FC8B4B /* AlamofireImage in Frameworks */,
			);
			runOnlyForDeploymentPostprocessing = 0;
		};
		5E389B3129D8B29900FC8B4B /* Frameworks */ = {
			isa = PBXFrameworksBuildPhase;
			buildActionMask = 2147483647;
			files = (
				5E389B3529D8B29900FC8B4B /* FloatplaneApp_Operations.framework in Frameworks */,
			);
			runOnlyForDeploymentPostprocessing = 0;
		};
/* End PBXFrameworksBuildPhase section */

/* Begin PBXGroup section */
		5E389B2029D8B29800FC8B4B = {
			isa = PBXGroup;
			children = (
				5E389B2C29D8B29800FC8B4B /* FloatplaneApp-Operations */,
				5E389B3829D8B29900FC8B4B /* FloatplaneApp-OperationsTests */,
				5E389B2B29D8B29800FC8B4B /* Products */,
				5E389B9829D8B55400FC8B4B /* Frameworks */,
			);
			sourceTree = "<group>";
		};
		5E389B2B29D8B29800FC8B4B /* Products */ = {
			isa = PBXGroup;
			children = (
				5E389B2A29D8B29800FC8B4B /* FloatplaneApp_Operations.framework */,
				5E389B3429D8B29900FC8B4B /* FloatplaneApp-OperationsTests.xctest */,
			);
			name = Products;
			sourceTree = "<group>";
		};
		5E389B2C29D8B29800FC8B4B /* FloatplaneApp-Operations */ = {
			isa = PBXGroup;
			children = (
				5E389C4C29D8BE0D00FC8B4B /* OperationConstants.swift */,
				5E389B9029D8B42E00FC8B4B /* ImageGrabber */,
				5E389B5529D8B34B00FC8B4B /* Creator */,
				5E389B5729D8B34B00FC8B4B /* Delivery Key */,
				5E389B5A29D8B34B00FC8B4B /* Video Metadata */,
				5E389B5D29D8B34B00FC8B4B /* CreatorList */,
				5E389B5F29D8B34B00FC8B4B /* Operation Manager */,
				5E389B6229D8B34B00FC8B4B /* Subscriptions */,
				5E389B6429D8B34B00FC8B4B /* Search */,
				5E389B6729D8B34B00FC8B4B /* Common */,
				5E389B6A29D8B34B00FC8B4B /* Content Feed */,
				5E389B6C29D8B34B00FC8B4B /* Login */,
				5E389B2D29D8B29800FC8B4B /* FloatplaneApp_Operations.h */,
				5E389B2E29D8B29800FC8B4B /* FloatplaneApp_Operations.docc */,
			);
			path = "FloatplaneApp-Operations";
			sourceTree = "<group>";
		};
		5E389B3829D8B29900FC8B4B /* FloatplaneApp-OperationsTests */ = {
			isa = PBXGroup;
			children = (
			);
			path = "FloatplaneApp-OperationsTests";
			sourceTree = "<group>";
		};
		5E389B5529D8B34B00FC8B4B /* Creator */ = {
			isa = PBXGroup;
			children = (
				5E389B5629D8B34B00FC8B4B /* CreatorOperation.swift */,
			);
			path = Creator;
			sourceTree = "<group>";
		};
		5E389B5729D8B34B00FC8B4B /* Delivery Key */ = {
			isa = PBXGroup;
			children = (
				5E389B5829D8B34B00FC8B4B /* VodDeliveryKeyOperation.swift */,
				5E389B5929D8B34B00FC8B4B /* LiveDeliveryKeyOperation.swift */,
			);
			path = "Delivery Key";
			sourceTree = "<group>";
		};
		5E389B5A29D8B34B00FC8B4B /* Video Metadata */ = {
			isa = PBXGroup;
			children = (
				5E389B5B29D8B34B00FC8B4B /* VideoMetadataOperation.swift */,
				5E389B5C29D8B34B00FC8B4B /* ContentVideoOperation.swift */,
			);
			path = "Video Metadata";
			sourceTree = "<group>";
		};
		5E389B5D29D8B34B00FC8B4B /* CreatorList */ = {
			isa = PBXGroup;
			children = (
				5E389B5E29D8B34B00FC8B4B /* CreatorListOperation.swift */,
			);
			path = CreatorList;
			sourceTree = "<group>";
		};
		5E389B5F29D8B34B00FC8B4B /* Operation Manager */ = {
			isa = PBXGroup;
			children = (
				5E389B6029D8B34B00FC8B4B /* OperationManager.swift */,
			);
			path = "Operation Manager";
			sourceTree = "<group>";
		};
		5E389B6229D8B34B00FC8B4B /* Subscriptions */ = {
			isa = PBXGroup;
			children = (
				5E389B6329D8B34B00FC8B4B /* SubscriptionOperation.swift */,
			);
			path = Subscriptions;
			sourceTree = "<group>";
		};
		5E389B6429D8B34B00FC8B4B /* Search */ = {
			isa = PBXGroup;
			children = (
				5E389B6529D8B34B00FC8B4B /* SearchOperation.swift */,
			);
			path = Search;
			sourceTree = "<group>";
		};
		5E389B6729D8B34B00FC8B4B /* Common */ = {
			isa = PBXGroup;
			children = (
				5E389B6929D8B34B00FC8B4B /* CacheableAPIOperation.swift */,
			);
			path = Common;
			sourceTree = "<group>";
		};
		5E389B6A29D8B34B00FC8B4B /* Content Feed */ = {
			isa = PBXGroup;
			children = (
				5E389C4F29D8BF3E00FC8B4B /* Decoders */,
				5E389B6B29D8B34B00FC8B4B /* ContentFeedOperation.swift */,
			);
			path = "Content Feed";
			sourceTree = "<group>";
		};
		5E389B6C29D8B34B00FC8B4B /* Login */ = {
			isa = PBXGroup;
			children = (
				5E389B6D29D8B34B00FC8B4B /* LoginOperation.swift */,
				5E389B6E29D8B34B00FC8B4B /* LogoutOperation.swift */,
			);
			path = Login;
			sourceTree = "<group>";
		};
		5E389B9029D8B42E00FC8B4B /* ImageGrabber */ = {
			isa = PBXGroup;
			children = (
				5E389B9129D8B43A00FC8B4B /* ImageGrabber.swift */,
			);
			path = ImageGrabber;
			sourceTree = "<group>";
		};
		5E389B9829D8B55400FC8B4B /* Frameworks */ = {
			isa = PBXGroup;
			children = (
				5EFD929829D90D2F007E8374 /* AVKit.framework */,
				5EFD928629D8C8BA007E8374 /* FloatplaneApp_Utilities.framework */,
				5EFD927F29D8C766007E8374 /* FloatplaneApp_Models.framework */,
				5E389B9929D8B55400FC8B4B /* FloatplaneApp_Models.framework */,
			);
			name = Frameworks;
			sourceTree = "<group>";
		};
		5E389C4F29D8BF3E00FC8B4B /* Decoders */ = {
			isa = PBXGroup;
			children = (
				5E389C4E29D8BF3E00FC8B4B /* FloatplaneDecoder.swift */,
			);
			path = Decoders;
			sourceTree = "<group>";
		};
/* End PBXGroup section */

/* Begin PBXHeadersBuildPhase section */
		5E389B2529D8B29800FC8B4B /* Headers */ = {
			isa = PBXHeadersBuildPhase;
			buildActionMask = 2147483647;
			files = (
				5E389B3B29D8B29900FC8B4B /* FloatplaneApp_Operations.h in Headers */,
			);
			runOnlyForDeploymentPostprocessing = 0;
		};
/* End PBXHeadersBuildPhase section */

/* Begin PBXNativeTarget section */
		5E389B2929D8B29800FC8B4B /* FloatplaneApp-Operations */ = {
			isa = PBXNativeTarget;
			buildConfigurationList = 5E389B3E29D8B29900FC8B4B /* Build configuration list for PBXNativeTarget "FloatplaneApp-Operations" */;
			buildPhases = (
				5E389B2529D8B29800FC8B4B /* Headers */,
				5E389B2629D8B29800FC8B4B /* Sources */,
				5E389B2729D8B29800FC8B4B /* Frameworks */,
				5E389B2829D8B29800FC8B4B /* Resources */,
			);
			buildRules = (
			);
			dependencies = (
			);
			name = "FloatplaneApp-Operations";
			packageProductDependencies = (
				5E389B8E29D8B42600FC8B4B /* Alamofire */,
				5E389B9429D8B45700FC8B4B /* AlamofireImage */,
				5E389C4429D8BA1D00FC8B4B /* Cache */,
			);
			productName = "FloatplaneApp-Operations";
			productReference = 5E389B2A29D8B29800FC8B4B /* FloatplaneApp_Operations.framework */;
			productType = "com.apple.product-type.framework";
		};
		5E389B3329D8B29900FC8B4B /* FloatplaneApp-OperationsTests */ = {
			isa = PBXNativeTarget;
			buildConfigurationList = 5E389B4129D8B29900FC8B4B /* Build configuration list for PBXNativeTarget "FloatplaneApp-OperationsTests" */;
			buildPhases = (
				5E389B3029D8B29900FC8B4B /* Sources */,
				5E389B3129D8B29900FC8B4B /* Frameworks */,
				5E389B3229D8B29900FC8B4B /* Resources */,
			);
			buildRules = (
			);
			dependencies = (
				5E389B3729D8B29900FC8B4B /* PBXTargetDependency */,
			);
			name = "FloatplaneApp-OperationsTests";
			productName = "FloatplaneApp-OperationsTests";
			productReference = 5E389B3429D8B29900FC8B4B /* FloatplaneApp-OperationsTests.xctest */;
			productType = "com.apple.product-type.bundle.unit-test";
		};
/* End PBXNativeTarget section */

/* Begin PBXProject section */
		5E389B2129D8B29800FC8B4B /* Project object */ = {
			isa = PBXProject;
			attributes = {
				BuildIndependentTargetsInParallel = 1;
				LastSwiftUpdateCheck = 1420;
				LastUpgradeCheck = 1420;
				TargetAttributes = {
					5E389B2929D8B29800FC8B4B = {
						CreatedOnToolsVersion = 14.2;
					};
					5E389B3329D8B29900FC8B4B = {
						CreatedOnToolsVersion = 14.2;
					};
				};
			};
			buildConfigurationList = 5E389B2429D8B29800FC8B4B /* Build configuration list for PBXProject "FloatplaneApp-Operations" */;
			compatibilityVersion = "Xcode 14.0";
			developmentRegion = en;
			hasScannedForEncodings = 0;
			knownRegions = (
				en,
				Base,
			);
			mainGroup = 5E389B2029D8B29800FC8B4B;
			packageReferences = (
				5E389B8D29D8B42600FC8B4B /* XCRemoteSwiftPackageReference "Alamofire" */,
				5E389B9329D8B45600FC8B4B /* XCRemoteSwiftPackageReference "AlamofireImage" */,
				5E389C4329D8BA1D00FC8B4B /* XCRemoteSwiftPackageReference "Cache" */,
			);
			productRefGroup = 5E389B2B29D8B29800FC8B4B /* Products */;
			projectDirPath = "";
			projectRoot = "";
			targets = (
				5E389B2929D8B29800FC8B4B /* FloatplaneApp-Operations */,
				5E389B3329D8B29900FC8B4B /* FloatplaneApp-OperationsTests */,
			);
		};
/* End PBXProject section */

/* Begin PBXResourcesBuildPhase section */
		5E389B2829D8B29800FC8B4B /* Resources */ = {
			isa = PBXResourcesBuildPhase;
			buildActionMask = 2147483647;
			files = (
				5E389BFE29D8B63B00FC8B4B /* FloatplaneApp_Operations.docc in Resources */,
			);
			runOnlyForDeploymentPostprocessing = 0;
		};
		5E389B3229D8B29900FC8B4B /* Resources */ = {
			isa = PBXResourcesBuildPhase;
			buildActionMask = 2147483647;
			files = (
			);
			runOnlyForDeploymentPostprocessing = 0;
		};
/* End PBXResourcesBuildPhase section */

/* Begin PBXSourcesBuildPhase section */
		5E389B2629D8B29800FC8B4B /* Sources */ = {
			isa = PBXSourcesBuildPhase;
			buildActionMask = 2147483647;
			files = (
				5E389B7D29D8B34B00FC8B4B /* ContentFeedOperation.swift in Sources */,
				5E389C4D29D8BE0D00FC8B4B /* OperationConstants.swift in Sources */,
				5E389B7029D8B34B00FC8B4B /* CreatorOperation.swift in Sources */,
				5E389B7929D8B34B00FC8B4B /* SearchOperation.swift in Sources */,
				5E389B7529D8B34B00FC8B4B /* CreatorListOperation.swift in Sources */,
				5E389B7329D8B34B00FC8B4B /* VideoMetadataOperation.swift in Sources */,
				5E389B7429D8B34B00FC8B4B /* ContentVideoOperation.swift in Sources */,
				5E389B7E29D8B34B00FC8B4B /* LoginOperation.swift in Sources */,
				5E389B7229D8B34B00FC8B4B /* LiveDeliveryKeyOperation.swift in Sources */,
				5E389B7129D8B34B00FC8B4B /* VodDeliveryKeyOperation.swift in Sources */,
				5E389B7C29D8B34B00FC8B4B /* CacheableAPIOperation.swift in Sources */,
				5E389B9229D8B43A00FC8B4B /* ImageGrabber.swift in Sources */,
				5E389B7629D8B34B00FC8B4B /* OperationManager.swift in Sources */,
				5E389B7F29D8B34B00FC8B4B /* LogoutOperation.swift in Sources */,
				5E389B7829D8B34B00FC8B4B /* SubscriptionOperation.swift in Sources */,
				5E389C5129D8C01D00FC8B4B /* FloatplaneDecoder.swift in Sources */,
			);
			runOnlyForDeploymentPostprocessing = 0;
		};
		5E389B3029D8B29900FC8B4B /* Sources */ = {
			isa = PBXSourcesBuildPhase;
			buildActionMask = 2147483647;
			files = (
			);
			runOnlyForDeploymentPostprocessing = 0;
		};
/* End PBXSourcesBuildPhase section */

/* Begin PBXTargetDependency section */
		5E389B3729D8B29900FC8B4B /* PBXTargetDependency */ = {
			isa = PBXTargetDependency;
			target = 5E389B2929D8B29800FC8B4B /* FloatplaneApp-Operations */;
			targetProxy = 5E389B3629D8B29900FC8B4B /* PBXContainerItemProxy */;
		};
/* End PBXTargetDependency section */

/* Begin XCBuildConfiguration section */
		5E389B3C29D8B29900FC8B4B /* Debug */ = {
			isa = XCBuildConfiguration;
			buildSettings = {
				ALWAYS_SEARCH_USER_PATHS = NO;
				CLANG_ANALYZER_NONNULL = YES;
				CLANG_ANALYZER_NUMBER_OBJECT_CONVERSION = YES_AGGRESSIVE;
				CLANG_CXX_LANGUAGE_STANDARD = "gnu++20";
				CLANG_ENABLE_MODULES = YES;
				CLANG_ENABLE_OBJC_ARC = YES;
				CLANG_ENABLE_OBJC_WEAK = YES;
				CLANG_WARN_BLOCK_CAPTURE_AUTORELEASING = YES;
				CLANG_WARN_BOOL_CONVERSION = YES;
				CLANG_WARN_COMMA = YES;
				CLANG_WARN_CONSTANT_CONVERSION = YES;
				CLANG_WARN_DEPRECATED_OBJC_IMPLEMENTATIONS = YES;
				CLANG_WARN_DIRECT_OBJC_ISA_USAGE = YES_ERROR;
				CLANG_WARN_DOCUMENTATION_COMMENTS = YES;
				CLANG_WARN_EMPTY_BODY = YES;
				CLANG_WARN_ENUM_CONVERSION = YES;
				CLANG_WARN_INFINITE_RECURSION = YES;
				CLANG_WARN_INT_CONVERSION = YES;
				CLANG_WARN_NON_LITERAL_NULL_CONVERSION = YES;
				CLANG_WARN_OBJC_IMPLICIT_RETAIN_SELF = YES;
				CLANG_WARN_OBJC_LITERAL_CONVERSION = YES;
				CLANG_WARN_OBJC_ROOT_CLASS = YES_ERROR;
				CLANG_WARN_QUOTED_INCLUDE_IN_FRAMEWORK_HEADER = YES;
				CLANG_WARN_RANGE_LOOP_ANALYSIS = YES;
				CLANG_WARN_STRICT_PROTOTYPES = YES;
				CLANG_WARN_SUSPICIOUS_MOVE = YES;
				CLANG_WARN_UNGUARDED_AVAILABILITY = YES_AGGRESSIVE;
				CLANG_WARN_UNREACHABLE_CODE = YES;
				CLANG_WARN__DUPLICATE_METHOD_MATCH = YES;
				COPY_PHASE_STRIP = NO;
				CURRENT_PROJECT_VERSION = 1;
				DEBUG_INFORMATION_FORMAT = dwarf;
				ENABLE_STRICT_OBJC_MSGSEND = YES;
				ENABLE_TESTABILITY = YES;
				GCC_C_LANGUAGE_STANDARD = gnu11;
				GCC_DYNAMIC_NO_PIC = NO;
				GCC_NO_COMMON_BLOCKS = YES;
				GCC_OPTIMIZATION_LEVEL = 0;
				GCC_PREPROCESSOR_DEFINITIONS = (
					"DEBUG=1",
					"$(inherited)",
				);
				GCC_WARN_64_TO_32_BIT_CONVERSION = YES;
				GCC_WARN_ABOUT_RETURN_TYPE = YES_ERROR;
				GCC_WARN_UNDECLARED_SELECTOR = YES;
				GCC_WARN_UNINITIALIZED_AUTOS = YES_AGGRESSIVE;
				GCC_WARN_UNUSED_FUNCTION = YES;
				GCC_WARN_UNUSED_VARIABLE = YES;
				MTL_ENABLE_DEBUG_INFO = INCLUDE_SOURCE;
				MTL_FAST_MATH = YES;
				ONLY_ACTIVE_ARCH = YES;
				SWIFT_ACTIVE_COMPILATION_CONDITIONS = DEBUG;
				SWIFT_OPTIMIZATION_LEVEL = "-Onone";
				VERSIONING_SYSTEM = "apple-generic";
				VERSION_INFO_PREFIX = "";
			};
			name = Debug;
		};
		5E389B3D29D8B29900FC8B4B /* Release */ = {
			isa = XCBuildConfiguration;
			buildSettings = {
				ALWAYS_SEARCH_USER_PATHS = NO;
				CLANG_ANALYZER_NONNULL = YES;
				CLANG_ANALYZER_NUMBER_OBJECT_CONVERSION = YES_AGGRESSIVE;
				CLANG_CXX_LANGUAGE_STANDARD = "gnu++20";
				CLANG_ENABLE_MODULES = YES;
				CLANG_ENABLE_OBJC_ARC = YES;
				CLANG_ENABLE_OBJC_WEAK = YES;
				CLANG_WARN_BLOCK_CAPTURE_AUTORELEASING = YES;
				CLANG_WARN_BOOL_CONVERSION = YES;
				CLANG_WARN_COMMA = YES;
				CLANG_WARN_CONSTANT_CONVERSION = YES;
				CLANG_WARN_DEPRECATED_OBJC_IMPLEMENTATIONS = YES;
				CLANG_WARN_DIRECT_OBJC_ISA_USAGE = YES_ERROR;
				CLANG_WARN_DOCUMENTATION_COMMENTS = YES;
				CLANG_WARN_EMPTY_BODY = YES;
				CLANG_WARN_ENUM_CONVERSION = YES;
				CLANG_WARN_INFINITE_RECURSION = YES;
				CLANG_WARN_INT_CONVERSION = YES;
				CLANG_WARN_NON_LITERAL_NULL_CONVERSION = YES;
				CLANG_WARN_OBJC_IMPLICIT_RETAIN_SELF = YES;
				CLANG_WARN_OBJC_LITERAL_CONVERSION = YES;
				CLANG_WARN_OBJC_ROOT_CLASS = YES_ERROR;
				CLANG_WARN_QUOTED_INCLUDE_IN_FRAMEWORK_HEADER = YES;
				CLANG_WARN_RANGE_LOOP_ANALYSIS = YES;
				CLANG_WARN_STRICT_PROTOTYPES = YES;
				CLANG_WARN_SUSPICIOUS_MOVE = YES;
				CLANG_WARN_UNGUARDED_AVAILABILITY = YES_AGGRESSIVE;
				CLANG_WARN_UNREACHABLE_CODE = YES;
				CLANG_WARN__DUPLICATE_METHOD_MATCH = YES;
				COPY_PHASE_STRIP = NO;
				CURRENT_PROJECT_VERSION = 1;
				DEBUG_INFORMATION_FORMAT = "dwarf-with-dsym";
				ENABLE_NS_ASSERTIONS = NO;
				ENABLE_STRICT_OBJC_MSGSEND = YES;
				GCC_C_LANGUAGE_STANDARD = gnu11;
				GCC_NO_COMMON_BLOCKS = YES;
				GCC_WARN_64_TO_32_BIT_CONVERSION = YES;
				GCC_WARN_ABOUT_RETURN_TYPE = YES_ERROR;
				GCC_WARN_UNDECLARED_SELECTOR = YES;
				GCC_WARN_UNINITIALIZED_AUTOS = YES_AGGRESSIVE;
				GCC_WARN_UNUSED_FUNCTION = YES;
				GCC_WARN_UNUSED_VARIABLE = YES;
				MTL_ENABLE_DEBUG_INFO = NO;
				MTL_FAST_MATH = YES;
				SWIFT_COMPILATION_MODE = wholemodule;
				SWIFT_OPTIMIZATION_LEVEL = "-O";
				VERSIONING_SYSTEM = "apple-generic";
				VERSION_INFO_PREFIX = "";
			};
			name = Release;
		};
		5E389B3F29D8B29900FC8B4B /* Debug */ = {
			isa = XCBuildConfiguration;
			buildSettings = {
				CODE_SIGN_STYLE = Automatic;
				CURRENT_PROJECT_VERSION = 1;
				DEFINES_MODULE = YES;
				DYLIB_COMPATIBILITY_VERSION = 1;
				DYLIB_CURRENT_VERSION = 1;
				DYLIB_INSTALL_NAME_BASE = "@rpath";
				GENERATE_INFOPLIST_FILE = YES;
				INFOPLIST_KEY_NSHumanReadableCopyright = "";
				INSTALL_PATH = "$(LOCAL_LIBRARY_DIR)/Frameworks";
				IPHONEOS_DEPLOYMENT_TARGET = 16.2;
				LD_RUNPATH_SEARCH_PATHS = (
					"@executable_path/Frameworks",
					"@loader_path/Frameworks",
				);
				"LD_RUNPATH_SEARCH_PATHS[sdk=macosx*]" = (
					"@executable_path/../Frameworks",
					"@loader_path/Frameworks",
				);
				MACOSX_DEPLOYMENT_TARGET = 13.1;
				MARKETING_VERSION = 1.0;
				PRODUCT_BUNDLE_IDENTIFIER = "org.georgie.FloatplaneApp-Operations";
				PRODUCT_NAME = "$(TARGET_NAME:c99extidentifier)";
				SDKROOT = auto;
				SKIP_INSTALL = YES;
				SUPPORTED_PLATFORMS = "appletvos appletvsimulator iphoneos iphonesimulator macosx";
				SUPPORTS_MACCATALYST = NO;
				SUPPORTS_MAC_DESIGNED_FOR_IPHONE_IPAD = NO;
				SWIFT_EMIT_LOC_STRINGS = YES;
				SWIFT_VERSION = 5.0;
				TARGETED_DEVICE_FAMILY = "1,2,3";
			};
			name = Debug;
		};
		5E389B4029D8B29900FC8B4B /* Release */ = {
			isa = XCBuildConfiguration;
			buildSettings = {
				CODE_SIGN_STYLE = Automatic;
				CURRENT_PROJECT_VERSION = 1;
				DEFINES_MODULE = YES;
				DYLIB_COMPATIBILITY_VERSION = 1;
				DYLIB_CURRENT_VERSION = 1;
				DYLIB_INSTALL_NAME_BASE = "@rpath";
				GENERATE_INFOPLIST_FILE = YES;
				INFOPLIST_KEY_NSHumanReadableCopyright = "";
				INSTALL_PATH = "$(LOCAL_LIBRARY_DIR)/Frameworks";
				IPHONEOS_DEPLOYMENT_TARGET = 16.2;
				LD_RUNPATH_SEARCH_PATHS = (
					"@executable_path/Frameworks",
					"@loader_path/Frameworks",
				);
				"LD_RUNPATH_SEARCH_PATHS[sdk=macosx*]" = (
					"@executable_path/../Frameworks",
					"@loader_path/Frameworks",
				);
				MACOSX_DEPLOYMENT_TARGET = 13.1;
				MARKETING_VERSION = 1.0;
				PRODUCT_BUNDLE_IDENTIFIER = "org.georgie.FloatplaneApp-Operations";
				PRODUCT_NAME = "$(TARGET_NAME:c99extidentifier)";
				SDKROOT = auto;
				SKIP_INSTALL = YES;
				SUPPORTED_PLATFORMS = "appletvos appletvsimulator iphoneos iphonesimulator macosx";
				SUPPORTS_MACCATALYST = NO;
				SUPPORTS_MAC_DESIGNED_FOR_IPHONE_IPAD = NO;
				SWIFT_EMIT_LOC_STRINGS = YES;
				SWIFT_VERSION = 5.0;
				TARGETED_DEVICE_FAMILY = "1,2,3";
			};
			name = Release;
		};
		5E389B4229D8B29900FC8B4B /* Debug */ = {
			isa = XCBuildConfiguration;
			buildSettings = {
				ALWAYS_EMBED_SWIFT_STANDARD_LIBRARIES = YES;
				CODE_SIGN_STYLE = Automatic;
				CURRENT_PROJECT_VERSION = 1;
				GENERATE_INFOPLIST_FILE = YES;
				IPHONEOS_DEPLOYMENT_TARGET = 16.2;
				MACOSX_DEPLOYMENT_TARGET = 13.1;
				MARKETING_VERSION = 1.0;
				PRODUCT_BUNDLE_IDENTIFIER = "org.georgie.FloatplaneApp-OperationsTests";
				PRODUCT_NAME = "$(TARGET_NAME)";
				SDKROOT = auto;
				SUPPORTED_PLATFORMS = "appletvos appletvsimulator iphoneos iphonesimulator macosx";
				SUPPORTS_MACCATALYST = NO;
				SUPPORTS_MAC_DESIGNED_FOR_IPHONE_IPAD = NO;
				SWIFT_EMIT_LOC_STRINGS = NO;
				SWIFT_VERSION = 5.0;
				TARGETED_DEVICE_FAMILY = "1,2,3";
			};
			name = Debug;
		};
		5E389B4329D8B29900FC8B4B /* Release */ = {
			isa = XCBuildConfiguration;
			buildSettings = {
				ALWAYS_EMBED_SWIFT_STANDARD_LIBRARIES = YES;
				CODE_SIGN_STYLE = Automatic;
				CURRENT_PROJECT_VERSION = 1;
				GENERATE_INFOPLIST_FILE = YES;
				IPHONEOS_DEPLOYMENT_TARGET = 16.2;
				MACOSX_DEPLOYMENT_TARGET = 13.1;
				MARKETING_VERSION = 1.0;
				PRODUCT_BUNDLE_IDENTIFIER = "org.georgie.FloatplaneApp-OperationsTests";
				PRODUCT_NAME = "$(TARGET_NAME)";
				SDKROOT = auto;
				SUPPORTED_PLATFORMS = "appletvos appletvsimulator iphoneos iphonesimulator macosx";
				SUPPORTS_MACCATALYST = NO;
				SUPPORTS_MAC_DESIGNED_FOR_IPHONE_IPAD = NO;
				SWIFT_EMIT_LOC_STRINGS = NO;
				SWIFT_VERSION = 5.0;
				TARGETED_DEVICE_FAMILY = "1,2,3";
			};
			name = Release;
		};
/* End XCBuildConfiguration section */

/* Begin XCConfigurationList section */
		5E389B2429D8B29800FC8B4B /* Build configuration list for PBXProject "FloatplaneApp-Operations" */ = {
			isa = XCConfigurationList;
			buildConfigurations = (
				5E389B3C29D8B29900FC8B4B /* Debug */,
				5E389B3D29D8B29900FC8B4B /* Release */,
			);
			defaultConfigurationIsVisible = 0;
			defaultConfigurationName = Release;
		};
		5E389B3E29D8B29900FC8B4B /* Build configuration list for PBXNativeTarget "FloatplaneApp-Operations" */ = {
			isa = XCConfigurationList;
			buildConfigurations = (
				5E389B3F29D8B29900FC8B4B /* Debug */,
				5E389B4029D8B29900FC8B4B /* Release */,
			);
			defaultConfigurationIsVisible = 0;
			defaultConfigurationName = Release;
		};
		5E389B4129D8B29900FC8B4B /* Build configuration list for PBXNativeTarget "FloatplaneApp-OperationsTests" */ = {
			isa = XCConfigurationList;
			buildConfigurations = (
				5E389B4229D8B29900FC8B4B /* Debug */,
				5E389B4329D8B29900FC8B4B /* Release */,
			);
			defaultConfigurationIsVisible = 0;
			defaultConfigurationName = Release;
		};
/* End XCConfigurationList section */

/* Begin XCRemoteSwiftPackageReference section */
		5E389B8D29D8B42600FC8B4B /* XCRemoteSwiftPackageReference "Alamofire" */ = {
			isa = XCRemoteSwiftPackageReference;
			repositoryURL = "https://github.com/Alamofire/Alamofire.git";
			requirement = {
				kind = upToNextMajorVersion;
				minimumVersion = 5.0.0;
			};
		};
		5E389B9329D8B45600FC8B4B /* XCRemoteSwiftPackageReference "AlamofireImage" */ = {
			isa = XCRemoteSwiftPackageReference;
			repositoryURL = "https://github.com/Alamofire/AlamofireImage.git";
			requirement = {
				branch = master;
				kind = branch;
			};
		};
		5E389C4329D8BA1D00FC8B4B /* XCRemoteSwiftPackageReference "Cache" */ = {
			isa = XCRemoteSwiftPackageReference;
			repositoryURL = "https://github.com/hyperoslo/Cache.git";
			requirement = {
				kind = upToNextMajorVersion;
				minimumVersion = 6.0.0;
			};
		};
/* End XCRemoteSwiftPackageReference section */

/* Begin XCSwiftPackageProductDependency section */
		5E389B8E29D8B42600FC8B4B /* Alamofire */ = {
			isa = XCSwiftPackageProductDependency;
			package = 5E389B8D29D8B42600FC8B4B /* XCRemoteSwiftPackageReference "Alamofire" */;
			productName = Alamofire;
		};
		5E389B9429D8B45700FC8B4B /* AlamofireImage */ = {
			isa = XCSwiftPackageProductDependency;
			package = 5E389B9329D8B45600FC8B4B /* XCRemoteSwiftPackageReference "AlamofireImage" */;
			productName = AlamofireImage;
		};
		5E389C4429D8BA1D00FC8B4B /* Cache */ = {
			isa = XCSwiftPackageProductDependency;
			package = 5E389C4329D8BA1D00FC8B4B /* XCRemoteSwiftPackageReference "Cache" */;
			productName = Cache;
		};
/* End XCSwiftPackageProductDependency section */
	};
	rootObject = 5E389B2129D8B29800FC8B4B /* Project object */;
}
